// !$*UTF8*$!
{
	archiveVersion = 1;
	classes = {
	};
	objectVersion = 46;
	objects = {

/* Begin PBXBuildFile section */
		27D5ECAB18BA05D3009C9787 /* EventMemberCell.m in Sources */ = {isa = PBXBuildFile; fileRef = 27D5ECAA18BA05D3009C9787 /* EventMemberCell.m */; };
		27D5ECAE18BA05E6009C9787 /* EventMember.m in Sources */ = {isa = PBXBuildFile; fileRef = 27D5ECAD18BA05E6009C9787 /* EventMember.m */; };
		27D5ECB218BA3B32009C9787 /* User.m in Sources */ = {isa = PBXBuildFile; fileRef = 27D5ECB118BA3B32009C9787 /* User.m */; };
		27D5ECB518BA688E009C9787 /* EventCompleteViewController.m in Sources */ = {isa = PBXBuildFile; fileRef = 27D5ECB418BA688E009C9787 /* EventCompleteViewController.m */; };
		27EB2A8218B8160200C2D851 /* Foundation.framework in Frameworks */ = {isa = PBXBuildFile; fileRef = 27EB2A8118B8160200C2D851 /* Foundation.framework */; };
		27EB2A8418B8160200C2D851 /* CoreGraphics.framework in Frameworks */ = {isa = PBXBuildFile; fileRef = 27EB2A8318B8160200C2D851 /* CoreGraphics.framework */; };
		27EB2A8618B8160200C2D851 /* UIKit.framework in Frameworks */ = {isa = PBXBuildFile; fileRef = 27EB2A8518B8160200C2D851 /* UIKit.framework */; };
		27EB2A8C18B8160200C2D851 /* InfoPlist.strings in Resources */ = {isa = PBXBuildFile; fileRef = 27EB2A8A18B8160200C2D851 /* InfoPlist.strings */; };
		27EB2A8E18B8160200C2D851 /* main.m in Sources */ = {isa = PBXBuildFile; fileRef = 27EB2A8D18B8160200C2D851 /* main.m */; };
		27EB2A9218B8160200C2D851 /* AppDelegate.m in Sources */ = {isa = PBXBuildFile; fileRef = 27EB2A9118B8160200C2D851 /* AppDelegate.m */; };
		27EB2A9418B8160200C2D851 /* Images.xcassets in Resources */ = {isa = PBXBuildFile; fileRef = 27EB2A9318B8160200C2D851 /* Images.xcassets */; };
		27EB2A9B18B8160300C2D851 /* XCTest.framework in Frameworks */ = {isa = PBXBuildFile; fileRef = 27EB2A9A18B8160300C2D851 /* XCTest.framework */; };
		27EB2A9C18B8160300C2D851 /* Foundation.framework in Frameworks */ = {isa = PBXBuildFile; fileRef = 27EB2A8118B8160200C2D851 /* Foundation.framework */; };
		27EB2A9D18B8160300C2D851 /* UIKit.framework in Frameworks */ = {isa = PBXBuildFile; fileRef = 27EB2A8518B8160200C2D851 /* UIKit.framework */; };
		27EB2AA518B8160300C2D851 /* InfoPlist.strings in Resources */ = {isa = PBXBuildFile; fileRef = 27EB2AA318B8160300C2D851 /* InfoPlist.strings */; };
		27EB2AA718B8160300C2D851 /* evenupTests.m in Sources */ = {isa = PBXBuildFile; fileRef = 27EB2AA618B8160300C2D851 /* evenupTests.m */; };
		27EB2AB518B8166600C2D851 /* BaseViewController.m in Sources */ = {isa = PBXBuildFile; fileRef = 27EB2AB418B8166600C2D851 /* BaseViewController.m */; };
		27EB2AB818B8167F00C2D851 /* HomeViewController.m in Sources */ = {isa = PBXBuildFile; fileRef = 27EB2AB718B8167F00C2D851 /* HomeViewController.m */; };
		27EB2AC118B8171B00C2D851 /* IISideController.m in Sources */ = {isa = PBXBuildFile; fileRef = 27EB2ABC18B8171B00C2D851 /* IISideController.m */; };
		27EB2AC218B8171B00C2D851 /* IIViewDeckController.m in Sources */ = {isa = PBXBuildFile; fileRef = 27EB2ABE18B8171B00C2D851 /* IIViewDeckController.m */; };
		27EB2AC318B8171B00C2D851 /* IIWrapController.m in Sources */ = {isa = PBXBuildFile; fileRef = 27EB2AC018B8171B00C2D851 /* IIWrapController.m */; };
		27EB2AC618B8172F00C2D851 /* SideViewController.m in Sources */ = {isa = PBXBuildFile; fileRef = 27EB2AC518B8172F00C2D851 /* SideViewController.m */; };
		27EB2ACB18B81E8F00C2D851 /* EventViewController.m in Sources */ = {isa = PBXBuildFile; fileRef = 27EB2ACA18B81E8F00C2D851 /* EventViewController.m */; };
		27EB2ACE18B81E9B00C2D851 /* LoginViewController.m in Sources */ = {isa = PBXBuildFile; fileRef = 27EB2ACD18B81E9B00C2D851 /* LoginViewController.m */; };
		27EB2AD118B81EA700C2D851 /* SignUpViewController.m in Sources */ = {isa = PBXBuildFile; fileRef = 27EB2AD018B81EA700C2D851 /* SignUpViewController.m */; };
		27EB2AD418B81F1400C2D851 /* AddEventViewController.m in Sources */ = {isa = PBXBuildFile; fileRef = 27EB2AD318B81F1400C2D851 /* AddEventViewController.m */; };
		27EB2AD918B8263D00C2D851 /* Event.m in Sources */ = {isa = PBXBuildFile; fileRef = 27EB2AD818B8263D00C2D851 /* Event.m */; };
		27EB2AE518B834BC00C2D851 /* license.txt in Resources */ = {isa = PBXBuildFile; fileRef = 27EB2ADC18B834BC00C2D851 /* license.txt */; };
		27EB2AE618B834BC00C2D851 /* menu-100.png in Resources */ = {isa = PBXBuildFile; fileRef = 27EB2ADD18B834BC00C2D851 /* menu-100.png */; };
		27EB2AE718B834BC00C2D851 /* menu-128.png in Resources */ = {isa = PBXBuildFile; fileRef = 27EB2ADE18B834BC00C2D851 /* menu-128.png */; };
		27EB2AE818B834BC00C2D851 /* menu-25.png in Resources */ = {isa = PBXBuildFile; fileRef = 27EB2ADF18B834BC00C2D851 /* menu-25.png */; };
		27EB2AE918B834BC00C2D851 /* menu-256.png in Resources */ = {isa = PBXBuildFile; fileRef = 27EB2AE018B834BC00C2D851 /* menu-256.png */; };
		27EB2AEA18B834BC00C2D851 /* menu-32.png in Resources */ = {isa = PBXBuildFile; fileRef = 27EB2AE118B834BC00C2D851 /* menu-32.png */; };
		27EB2AEB18B834BC00C2D851 /* menu-25@2x.png in Resources */ = {isa = PBXBuildFile; fileRef = 27EB2AE218B834BC00C2D851 /* menu-25@2x.png */; };
		27EB2AEC18B834BC00C2D851 /* menu-512.png in Resources */ = {isa = PBXBuildFile; fileRef = 27EB2AE318B834BC00C2D851 /* menu-512.png */; };
		27EB2AED18B834BC00C2D851 /* menu-75.png in Resources */ = {isa = PBXBuildFile; fileRef = 27EB2AE418B834BC00C2D851 /* menu-75.png */; };
		27EB2AF118B835E900C2D851 /* Server.m in Sources */ = {isa = PBXBuildFile; fileRef = 27EB2AF018B835E900C2D851 /* Server.m */; };
		27EB2AF518B842F500C2D851 /* ProfileViewController.m in Sources */ = {isa = PBXBuildFile; fileRef = 27EB2AF418B842F500C2D851 /* ProfileViewController.m */; };
		27EB2AF918B8431B00C2D851 /* PaymentViewController.m in Sources */ = {isa = PBXBuildFile; fileRef = 27EB2AF818B8431B00C2D851 /* PaymentViewController.m */; };
		27EB2AFC18B8433300C2D851 /* TransactionsViewController.m in Sources */ = {isa = PBXBuildFile; fileRef = 27EB2AFB18B8433300C2D851 /* TransactionsViewController.m */; };
		27EB2B0018B8435800C2D851 /* NotificationsViewController.m in Sources */ = {isa = PBXBuildFile; fileRef = 27EB2AFF18B8435800C2D851 /* NotificationsViewController.m */; };
		27EB2B0318B8454300C2D851 /* PastEventsViewController.m in Sources */ = {isa = PBXBuildFile; fileRef = 27EB2B0218B8454300C2D851 /* PastEventsViewController.m */; };
		27EB2B0618B846F100C2D851 /* BaseNavigationController.m in Sources */ = {isa = PBXBuildFile; fileRef = 27EB2B0518B846F100C2D851 /* BaseNavigationController.m */; };
		27EB2B0918B84CA800C2D851 /* BaseCell.m in Sources */ = {isa = PBXBuildFile; fileRef = 27EB2B0818B84CA800C2D851 /* BaseCell.m */; };
		27EB2B0E18B863C400C2D851 /* AddItemView.m in Sources */ = {isa = PBXBuildFile; fileRef = 27EB2B0D18B863C400C2D851 /* AddItemView.m */; };
		27EB2B1318B87BAF00C2D851 /* EventAdminViewController.m in Sources */ = {isa = PBXBuildFile; fileRef = 27EB2B1218B87BAF00C2D851 /* EventAdminViewController.m */; };
		27EB2B2818B87F0300C2D851 /* AFHTTPRequestOperation.m in Sources */ = {isa = PBXBuildFile; fileRef = 27EB2B1618B87F0300C2D851 /* AFHTTPRequestOperation.m */; };
		27EB2B2918B87F0300C2D851 /* AFHTTPRequestOperationManager.m in Sources */ = {isa = PBXBuildFile; fileRef = 27EB2B1818B87F0300C2D851 /* AFHTTPRequestOperationManager.m */; };
		27EB2B2A18B87F0300C2D851 /* AFHTTPSessionManager.m in Sources */ = {isa = PBXBuildFile; fileRef = 27EB2B1A18B87F0300C2D851 /* AFHTTPSessionManager.m */; };
		27EB2B2B18B87F0300C2D851 /* AFNetworkReachabilityManager.m in Sources */ = {isa = PBXBuildFile; fileRef = 27EB2B1D18B87F0300C2D851 /* AFNetworkReachabilityManager.m */; };
		27EB2B2C18B87F0300C2D851 /* AFSecurityPolicy.m in Sources */ = {isa = PBXBuildFile; fileRef = 27EB2B1F18B87F0300C2D851 /* AFSecurityPolicy.m */; };
		27EB2B2D18B87F0300C2D851 /* AFURLConnectionOperation.m in Sources */ = {isa = PBXBuildFile; fileRef = 27EB2B2118B87F0300C2D851 /* AFURLConnectionOperation.m */; };
		27EB2B2E18B87F0300C2D851 /* AFURLRequestSerialization.m in Sources */ = {isa = PBXBuildFile; fileRef = 27EB2B2318B87F0300C2D851 /* AFURLRequestSerialization.m */; };
		27EB2B2F18B87F0300C2D851 /* AFURLResponseSerialization.m in Sources */ = {isa = PBXBuildFile; fileRef = 27EB2B2518B87F0300C2D851 /* AFURLResponseSerialization.m */; };
		27EB2B3018B87F0300C2D851 /* AFURLSessionManager.m in Sources */ = {isa = PBXBuildFile; fileRef = 27EB2B2718B87F0300C2D851 /* AFURLSessionManager.m */; };
		27EB2B4318B87F0C00C2D851 /* AFNetworkActivityIndicatorManager.m in Sources */ = {isa = PBXBuildFile; fileRef = 27EB2B3318B87F0C00C2D851 /* AFNetworkActivityIndicatorManager.m */; };
		27EB2B4418B87F0C00C2D851 /* UIActivityIndicatorView+AFNetworking.m in Sources */ = {isa = PBXBuildFile; fileRef = 27EB2B3518B87F0C00C2D851 /* UIActivityIndicatorView+AFNetworking.m */; };
		27EB2B4518B87F0C00C2D851 /* UIAlertView+AFNetworking.m in Sources */ = {isa = PBXBuildFile; fileRef = 27EB2B3718B87F0C00C2D851 /* UIAlertView+AFNetworking.m */; };
		27EB2B4618B87F0C00C2D851 /* UIButton+AFNetworking.m in Sources */ = {isa = PBXBuildFile; fileRef = 27EB2B3918B87F0C00C2D851 /* UIButton+AFNetworking.m */; };
		27EB2B4718B87F0C00C2D851 /* UIImageView+AFNetworking.m in Sources */ = {isa = PBXBuildFile; fileRef = 27EB2B3B18B87F0C00C2D851 /* UIImageView+AFNetworking.m */; };
		27EB2B4818B87F0C00C2D851 /* UIProgressView+AFNetworking.m in Sources */ = {isa = PBXBuildFile; fileRef = 27EB2B3E18B87F0C00C2D851 /* UIProgressView+AFNetworking.m */; };
		27EB2B4918B87F0C00C2D851 /* UIRefreshControl+AFNetworking.m in Sources */ = {isa = PBXBuildFile; fileRef = 27EB2B4018B87F0C00C2D851 /* UIRefreshControl+AFNetworking.m */; };
		27EB2B4A18B87F0C00C2D851 /* UIWebView+AFNetworking.m in Sources */ = {isa = PBXBuildFile; fileRef = 27EB2B4218B87F0C00C2D851 /* UIWebView+AFNetworking.m */; };
		27EB2B4F18B88B0B00C2D851 /* EventMemberViewController.m in Sources */ = {isa = PBXBuildFile; fileRef = 27EB2B4E18B88B0B00C2D851 /* EventMemberViewController.m */; };
		27EB2B5218B88B1600C2D851 /* EventItemViewController.m in Sources */ = {isa = PBXBuildFile; fileRef = 27EB2B5118B88B1600C2D851 /* EventItemViewController.m */; };
		27EB2B6718B88FBE00C2D851 /* QuartzCore.framework in Frameworks */ = {isa = PBXBuildFile; fileRef = 27EB2B6618B88FBE00C2D851 /* QuartzCore.framework */; };
		27EB2C5818B890D100C2D851 /* STPCard.m in Sources */ = {isa = PBXBuildFile; fileRef = 27EB2BF718B890D100C2D851 /* STPCard.m */; };
		27EB2C5918B890D100C2D851 /* STPToken.m in Sources */ = {isa = PBXBuildFile; fileRef = 27EB2BF918B890D100C2D851 /* STPToken.m */; };
		27EB2C5A18B890D100C2D851 /* STPView.m in Sources */ = {isa = PBXBuildFile; fileRef = 27EB2BFB18B890D100C2D851 /* STPView.m */; };
		27EB2C5B18B890D100C2D851 /* Stripe.m in Sources */ = {isa = PBXBuildFile; fileRef = 27EB2BFE18B890D100C2D851 /* Stripe.m */; };
		27EB2C5C18B890D100C2D851 /* StripeError.m in Sources */ = {isa = PBXBuildFile; fileRef = 27EB2C0018B890D100C2D851 /* StripeError.m */; };
		27EB2C5D18B890D100C2D851 /* .gitignore in Resources */ = {isa = PBXBuildFile; fileRef = 27EB2C0318B890D100C2D851 /* .gitignore */; };
		27EB2C5E18B890D200C2D851 /* LICENSE in Resources */ = {isa = PBXBuildFile; fileRef = 27EB2C0418B890D100C2D851 /* LICENSE */; };
		27EB2C5F18B890D200C2D851 /* PKAddressZip.m in Sources */ = {isa = PBXBuildFile; fileRef = 27EB2C0718B890D100C2D851 /* PKAddressZip.m */; };
		27EB2C6018B890D200C2D851 /* PKCard.m in Sources */ = {isa = PBXBuildFile; fileRef = 27EB2C0918B890D100C2D851 /* PKCard.m */; };
		27EB2C6118B890D200C2D851 /* PKCardCVC.m in Sources */ = {isa = PBXBuildFile; fileRef = 27EB2C0B18B890D100C2D851 /* PKCardCVC.m */; };
		27EB2C6218B890D200C2D851 /* PKCardExpiry.m in Sources */ = {isa = PBXBuildFile; fileRef = 27EB2C0D18B890D100C2D851 /* PKCardExpiry.m */; };
		27EB2C6318B890D200C2D851 /* PKCardNumber.m in Sources */ = {isa = PBXBuildFile; fileRef = 27EB2C0F18B890D100C2D851 /* PKCardNumber.m */; };
		27EB2C6418B890D200C2D851 /* PKComponent.m in Sources */ = {isa = PBXBuildFile; fileRef = 27EB2C1218B890D100C2D851 /* PKComponent.m */; };
		27EB2C6518B890D200C2D851 /* PKTextField.m in Sources */ = {isa = PBXBuildFile; fileRef = 27EB2C1418B890D100C2D851 /* PKTextField.m */; };
		27EB2C6618B890D200C2D851 /* PKUSAddressZip.m in Sources */ = {isa = PBXBuildFile; fileRef = 27EB2C1618B890D100C2D851 /* PKUSAddressZip.m */; };
		27EB2C6718B890D200C2D851 /* PKView.m in Sources */ = {isa = PBXBuildFile; fileRef = 27EB2C1818B890D100C2D851 /* PKView.m */; };
		27EB2C6818B890D200C2D851 /* amex.png in Resources */ = {isa = PBXBuildFile; fileRef = 27EB2C1B18B890D100C2D851 /* amex.png */; };
		27EB2C6918B890D200C2D851 /* amex@2x.png in Resources */ = {isa = PBXBuildFile; fileRef = 27EB2C1C18B890D100C2D851 /* amex@2x.png */; };
		27EB2C6A18B890D200C2D851 /* cvc-amex.png in Resources */ = {isa = PBXBuildFile; fileRef = 27EB2C1D18B890D100C2D851 /* cvc-amex.png */; };
		27EB2C6B18B890D200C2D851 /* cvc-amex@2x.png in Resources */ = {isa = PBXBuildFile; fileRef = 27EB2C1E18B890D100C2D851 /* cvc-amex@2x.png */; };
		27EB2C6C18B890D200C2D851 /* cvc.png in Resources */ = {isa = PBXBuildFile; fileRef = 27EB2C1F18B890D100C2D851 /* cvc.png */; };
		27EB2C6D18B890D200C2D851 /* cvc@2x.png in Resources */ = {isa = PBXBuildFile; fileRef = 27EB2C2018B890D100C2D851 /* cvc@2x.png */; };
		27EB2C6E18B890D200C2D851 /* diners.png in Resources */ = {isa = PBXBuildFile; fileRef = 27EB2C2118B890D100C2D851 /* diners.png */; };
		27EB2C6F18B890D200C2D851 /* diners@2x.png in Resources */ = {isa = PBXBuildFile; fileRef = 27EB2C2218B890D100C2D851 /* diners@2x.png */; };
		27EB2C7018B890D200C2D851 /* discover.png in Resources */ = {isa = PBXBuildFile; fileRef = 27EB2C2318B890D100C2D851 /* discover.png */; };
		27EB2C7118B890D200C2D851 /* discover@2x.png in Resources */ = {isa = PBXBuildFile; fileRef = 27EB2C2418B890D100C2D851 /* discover@2x.png */; };
		27EB2C7218B890D200C2D851 /* jcb.png in Resources */ = {isa = PBXBuildFile; fileRef = 27EB2C2518B890D100C2D851 /* jcb.png */; };
		27EB2C7318B890D200C2D851 /* jcb@2x.png in Resources */ = {isa = PBXBuildFile; fileRef = 27EB2C2618B890D100C2D851 /* jcb@2x.png */; };
		27EB2C7418B890D200C2D851 /* mastercard.png in Resources */ = {isa = PBXBuildFile; fileRef = 27EB2C2718B890D100C2D851 /* mastercard.png */; };
		27EB2C7518B890D200C2D851 /* mastercard@2x.png in Resources */ = {isa = PBXBuildFile; fileRef = 27EB2C2818B890D100C2D851 /* mastercard@2x.png */; };
		27EB2C7618B890D200C2D851 /* placeholder.png in Resources */ = {isa = PBXBuildFile; fileRef = 27EB2C2918B890D100C2D851 /* placeholder.png */; };
		27EB2C7718B890D200C2D851 /* placeholder@2x.png in Resources */ = {isa = PBXBuildFile; fileRef = 27EB2C2A18B890D100C2D851 /* placeholder@2x.png */; };
		27EB2C7818B890D200C2D851 /* visa.png in Resources */ = {isa = PBXBuildFile; fileRef = 27EB2C2B18B890D100C2D851 /* visa.png */; };
		27EB2C7918B890D200C2D851 /* visa@2x.png in Resources */ = {isa = PBXBuildFile; fileRef = 27EB2C2C18B890D100C2D851 /* visa@2x.png */; };
		27EB2C7A18B890D200C2D851 /* gradient@2x.png in Resources */ = {isa = PBXBuildFile; fileRef = 27EB2C2D18B890D100C2D851 /* gradient@2x.png */; };
		27EB2C7B18B890D200C2D851 /* STPaymentLocalizable.strings in Resources */ = {isa = PBXBuildFile; fileRef = 27EB2C2F18B890D100C2D851 /* STPaymentLocalizable.strings */; };
		27EB2C7C18B890D200C2D851 /* textfield.png in Resources */ = {isa = PBXBuildFile; fileRef = 27EB2C3118B890D100C2D851 /* textfield.png */; };
		27EB2C7D18B890D200C2D851 /* textfield@2x.png in Resources */ = {isa = PBXBuildFile; fileRef = 27EB2C3218B890D100C2D851 /* textfield@2x.png */; };
		27EB2C9018B890D200C2D851 /* README.md in Resources */ = {isa = PBXBuildFile; fileRef = 27EB2C5718B890D100C2D851 /* README.md */; };
		27EB2C9B18B91E1300C2D851 /* Utils.m in Sources */ = {isa = PBXBuildFile; fileRef = 27EB2C9A18B91E1300C2D851 /* Utils.m */; };
		27EB2C9E18B91EE800C2D851 /* Settings.m in Sources */ = {isa = PBXBuildFile; fileRef = 27EB2C9D18B91EE800C2D851 /* Settings.m */; };
		27EB2CA218B9391C00C2D851 /* MainEventCell.m in Sources */ = {isa = PBXBuildFile; fileRef = 27EB2CA118B9391C00C2D851 /* MainEventCell.m */; };
		27EB2CCA18B94DF500C2D851 /* AddDeviceContactsViewController.m in Sources */ = {isa = PBXBuildFile; fileRef = 27EB2CC918B94DF500C2D851 /* AddDeviceContactsViewController.m */; };
		27EB2CCD18B94E4600C2D851 /* AddressBook.framework in Frameworks */ = {isa = PBXBuildFile; fileRef = 27EB2CCB18B94E4600C2D851 /* AddressBook.framework */; };
		27EB2CCE18B94E4600C2D851 /* AddressBookUI.framework in Frameworks */ = {isa = PBXBuildFile; fileRef = 27EB2CCC18B94E4600C2D851 /* AddressBookUI.framework */; };
		27EB2CDD18B9574400C2D851 /* ContactsData.m in Sources */ = {isa = PBXBuildFile; fileRef = 27EB2CDC18B9574400C2D851 /* ContactsData.m */; };
		27EB2D2A18B95A5800C2D851 /* THBubbleColor.m in Sources */ = {isa = PBXBuildFile; fileRef = 27EB2D1B18B95A5800C2D851 /* THBubbleColor.m */; };
		27EB2D2B18B95A5800C2D851 /* THContactBubble.m in Sources */ = {isa = PBXBuildFile; fileRef = 27EB2D1D18B95A5800C2D851 /* THContactBubble.m */; };
		27EB2D2C18B95A5800C2D851 /* THContactPickerView.m in Sources */ = {isa = PBXBuildFile; fileRef = 27EB2D1F18B95A5800C2D851 /* THContactPickerView.m */; };
		27EB2D2D18B95A5800C2D851 /* THContactPickerViewController.m in Sources */ = {isa = PBXBuildFile; fileRef = 27EB2D2118B95A5800C2D851 /* THContactPickerViewController.m */; };
		27EB2D3018B977A300C2D851 /* MessageUI.framework in Frameworks */ = {isa = PBXBuildFile; fileRef = 27EB2D2F18B977A300C2D851 /* MessageUI.framework */; };
		27EB2D3418B9876C00C2D851 /* EventItemCell.m in Sources */ = {isa = PBXBuildFile; fileRef = 27EB2D3318B9876C00C2D851 /* EventItemCell.m */; };
		27EB2D3718B9881E00C2D851 /* EventItem.m in Sources */ = {isa = PBXBuildFile; fileRef = 27EB2D3618B9881E00C2D851 /* EventItem.m */; };
		27EB2D3B18B9D24C00C2D851 /* MCSwipeTableViewCell.m in Sources */ = {isa = PBXBuildFile; fileRef = 27EB2D3A18B9D24B00C2D851 /* MCSwipeTableViewCell.m */; };
/* End PBXBuildFile section */

/* Begin PBXContainerItemProxy section */
		27EB2A9E18B8160300C2D851 /* PBXContainerItemProxy */ = {
			isa = PBXContainerItemProxy;
			containerPortal = 27EB2A7618B8160200C2D851 /* Project object */;
			proxyType = 1;
			remoteGlobalIDString = 27EB2A7D18B8160200C2D851;
			remoteInfo = evenup;
		};
/* End PBXContainerItemProxy section */

/* Begin PBXFileReference section */
		27D5ECA918BA05D2009C9787 /* EventMemberCell.h */ = {isa = PBXFileReference; fileEncoding = 4; lastKnownFileType = sourcecode.c.h; path = EventMemberCell.h; sourceTree = "<group>"; };
		27D5ECAA18BA05D3009C9787 /* EventMemberCell.m */ = {isa = PBXFileReference; fileEncoding = 4; lastKnownFileType = sourcecode.c.objc; path = EventMemberCell.m; sourceTree = "<group>"; };
		27D5ECAC18BA05E6009C9787 /* EventMember.h */ = {isa = PBXFileReference; fileEncoding = 4; lastKnownFileType = sourcecode.c.h; path = EventMember.h; sourceTree = "<group>"; };
		27D5ECAD18BA05E6009C9787 /* EventMember.m */ = {isa = PBXFileReference; fileEncoding = 4; lastKnownFileType = sourcecode.c.objc; path = EventMember.m; sourceTree = "<group>"; };
		27D5ECB018BA3B32009C9787 /* User.h */ = {isa = PBXFileReference; fileEncoding = 4; lastKnownFileType = sourcecode.c.h; path = User.h; sourceTree = "<group>"; };
		27D5ECB118BA3B32009C9787 /* User.m */ = {isa = PBXFileReference; fileEncoding = 4; lastKnownFileType = sourcecode.c.objc; path = User.m; sourceTree = "<group>"; };
		27D5ECB318BA688E009C9787 /* EventCompleteViewController.h */ = {isa = PBXFileReference; fileEncoding = 4; lastKnownFileType = sourcecode.c.h; path = EventCompleteViewController.h; sourceTree = "<group>"; };
		27D5ECB418BA688E009C9787 /* EventCompleteViewController.m */ = {isa = PBXFileReference; fileEncoding = 4; lastKnownFileType = sourcecode.c.objc; path = EventCompleteViewController.m; sourceTree = "<group>"; };
		27EB2A7E18B8160200C2D851 /* evenup.app */ = {isa = PBXFileReference; explicitFileType = wrapper.application; includeInIndex = 0; path = evenup.app; sourceTree = BUILT_PRODUCTS_DIR; };
		27EB2A8118B8160200C2D851 /* Foundation.framework */ = {isa = PBXFileReference; lastKnownFileType = wrapper.framework; name = Foundation.framework; path = System/Library/Frameworks/Foundation.framework; sourceTree = SDKROOT; };
		27EB2A8318B8160200C2D851 /* CoreGraphics.framework */ = {isa = PBXFileReference; lastKnownFileType = wrapper.framework; name = CoreGraphics.framework; path = System/Library/Frameworks/CoreGraphics.framework; sourceTree = SDKROOT; };
		27EB2A8518B8160200C2D851 /* UIKit.framework */ = {isa = PBXFileReference; lastKnownFileType = wrapper.framework; name = UIKit.framework; path = System/Library/Frameworks/UIKit.framework; sourceTree = SDKROOT; };
		27EB2A8918B8160200C2D851 /* evenup-Info.plist */ = {isa = PBXFileReference; lastKnownFileType = text.plist.xml; path = "evenup-Info.plist"; sourceTree = "<group>"; };
		27EB2A8B18B8160200C2D851 /* en */ = {isa = PBXFileReference; lastKnownFileType = text.plist.strings; name = en; path = en.lproj/InfoPlist.strings; sourceTree = "<group>"; };
		27EB2A8D18B8160200C2D851 /* main.m */ = {isa = PBXFileReference; lastKnownFileType = sourcecode.c.objc; path = main.m; sourceTree = "<group>"; };
		27EB2A8F18B8160200C2D851 /* evenup-Prefix.pch */ = {isa = PBXFileReference; lastKnownFileType = sourcecode.c.h; path = "evenup-Prefix.pch"; sourceTree = "<group>"; };
		27EB2A9018B8160200C2D851 /* AppDelegate.h */ = {isa = PBXFileReference; lastKnownFileType = sourcecode.c.h; path = AppDelegate.h; sourceTree = "<group>"; };
		27EB2A9118B8160200C2D851 /* AppDelegate.m */ = {isa = PBXFileReference; lastKnownFileType = sourcecode.c.objc; path = AppDelegate.m; sourceTree = "<group>"; };
		27EB2A9318B8160200C2D851 /* Images.xcassets */ = {isa = PBXFileReference; lastKnownFileType = folder.assetcatalog; path = Images.xcassets; sourceTree = "<group>"; };
		27EB2A9918B8160300C2D851 /* evenupTests.xctest */ = {isa = PBXFileReference; explicitFileType = wrapper.cfbundle; includeInIndex = 0; path = evenupTests.xctest; sourceTree = BUILT_PRODUCTS_DIR; };
		27EB2A9A18B8160300C2D851 /* XCTest.framework */ = {isa = PBXFileReference; lastKnownFileType = wrapper.framework; name = XCTest.framework; path = Library/Frameworks/XCTest.framework; sourceTree = DEVELOPER_DIR; };
		27EB2AA218B8160300C2D851 /* evenupTests-Info.plist */ = {isa = PBXFileReference; lastKnownFileType = text.plist.xml; path = "evenupTests-Info.plist"; sourceTree = "<group>"; };
		27EB2AA418B8160300C2D851 /* en */ = {isa = PBXFileReference; lastKnownFileType = text.plist.strings; name = en; path = en.lproj/InfoPlist.strings; sourceTree = "<group>"; };
		27EB2AA618B8160300C2D851 /* evenupTests.m */ = {isa = PBXFileReference; lastKnownFileType = sourcecode.c.objc; path = evenupTests.m; sourceTree = "<group>"; };
		27EB2AB318B8166600C2D851 /* BaseViewController.h */ = {isa = PBXFileReference; fileEncoding = 4; lastKnownFileType = sourcecode.c.h; path = BaseViewController.h; sourceTree = "<group>"; };
		27EB2AB418B8166600C2D851 /* BaseViewController.m */ = {isa = PBXFileReference; fileEncoding = 4; lastKnownFileType = sourcecode.c.objc; path = BaseViewController.m; sourceTree = "<group>"; };
		27EB2AB618B8167F00C2D851 /* HomeViewController.h */ = {isa = PBXFileReference; fileEncoding = 4; lastKnownFileType = sourcecode.c.h; path = HomeViewController.h; sourceTree = "<group>"; };
		27EB2AB718B8167F00C2D851 /* HomeViewController.m */ = {isa = PBXFileReference; fileEncoding = 4; lastKnownFileType = sourcecode.c.objc; path = HomeViewController.m; sourceTree = "<group>"; };
		27EB2ABB18B8171B00C2D851 /* IISideController.h */ = {isa = PBXFileReference; fileEncoding = 4; lastKnownFileType = sourcecode.c.h; path = IISideController.h; sourceTree = "<group>"; };
		27EB2ABC18B8171B00C2D851 /* IISideController.m */ = {isa = PBXFileReference; fileEncoding = 4; lastKnownFileType = sourcecode.c.objc; path = IISideController.m; sourceTree = "<group>"; };
		27EB2ABD18B8171B00C2D851 /* IIViewDeckController.h */ = {isa = PBXFileReference; fileEncoding = 4; lastKnownFileType = sourcecode.c.h; path = IIViewDeckController.h; sourceTree = "<group>"; };
		27EB2ABE18B8171B00C2D851 /* IIViewDeckController.m */ = {isa = PBXFileReference; fileEncoding = 4; lastKnownFileType = sourcecode.c.objc; path = IIViewDeckController.m; sourceTree = "<group>"; };
		27EB2ABF18B8171B00C2D851 /* IIWrapController.h */ = {isa = PBXFileReference; fileEncoding = 4; lastKnownFileType = sourcecode.c.h; path = IIWrapController.h; sourceTree = "<group>"; };
		27EB2AC018B8171B00C2D851 /* IIWrapController.m */ = {isa = PBXFileReference; fileEncoding = 4; lastKnownFileType = sourcecode.c.objc; path = IIWrapController.m; sourceTree = "<group>"; };
		27EB2AC418B8172F00C2D851 /* SideViewController.h */ = {isa = PBXFileReference; fileEncoding = 4; lastKnownFileType = sourcecode.c.h; path = SideViewController.h; sourceTree = "<group>"; };
		27EB2AC518B8172F00C2D851 /* SideViewController.m */ = {isa = PBXFileReference; fileEncoding = 4; lastKnownFileType = sourcecode.c.objc; path = SideViewController.m; sourceTree = "<group>"; };
		27EB2AC918B81E8F00C2D851 /* EventViewController.h */ = {isa = PBXFileReference; fileEncoding = 4; lastKnownFileType = sourcecode.c.h; path = EventViewController.h; sourceTree = "<group>"; };
		27EB2ACA18B81E8F00C2D851 /* EventViewController.m */ = {isa = PBXFileReference; fileEncoding = 4; lastKnownFileType = sourcecode.c.objc; path = EventViewController.m; sourceTree = "<group>"; };
		27EB2ACC18B81E9B00C2D851 /* LoginViewController.h */ = {isa = PBXFileReference; fileEncoding = 4; lastKnownFileType = sourcecode.c.h; path = LoginViewController.h; sourceTree = "<group>"; };
		27EB2ACD18B81E9B00C2D851 /* LoginViewController.m */ = {isa = PBXFileReference; fileEncoding = 4; lastKnownFileType = sourcecode.c.objc; path = LoginViewController.m; sourceTree = "<group>"; };
		27EB2ACF18B81EA700C2D851 /* SignUpViewController.h */ = {isa = PBXFileReference; fileEncoding = 4; lastKnownFileType = sourcecode.c.h; path = SignUpViewController.h; sourceTree = "<group>"; };
		27EB2AD018B81EA700C2D851 /* SignUpViewController.m */ = {isa = PBXFileReference; fileEncoding = 4; lastKnownFileType = sourcecode.c.objc; path = SignUpViewController.m; sourceTree = "<group>"; };
		27EB2AD218B81F1400C2D851 /* AddEventViewController.h */ = {isa = PBXFileReference; fileEncoding = 4; lastKnownFileType = sourcecode.c.h; path = AddEventViewController.h; sourceTree = "<group>"; };
		27EB2AD318B81F1400C2D851 /* AddEventViewController.m */ = {isa = PBXFileReference; fileEncoding = 4; lastKnownFileType = sourcecode.c.objc; path = AddEventViewController.m; sourceTree = "<group>"; };
		27EB2AD718B8263D00C2D851 /* Event.h */ = {isa = PBXFileReference; fileEncoding = 4; lastKnownFileType = sourcecode.c.h; path = Event.h; sourceTree = "<group>"; };
		27EB2AD818B8263D00C2D851 /* Event.m */ = {isa = PBXFileReference; fileEncoding = 4; lastKnownFileType = sourcecode.c.objc; path = Event.m; sourceTree = "<group>"; };
		27EB2ADC18B834BC00C2D851 /* license.txt */ = {isa = PBXFileReference; fileEncoding = 4; lastKnownFileType = text; path = license.txt; sourceTree = "<group>"; };
		27EB2ADD18B834BC00C2D851 /* menu-100.png */ = {isa = PBXFileReference; lastKnownFileType = image.png; path = "menu-100.png"; sourceTree = "<group>"; };
		27EB2ADE18B834BC00C2D851 /* menu-128.png */ = {isa = PBXFileReference; lastKnownFileType = image.png; path = "menu-128.png"; sourceTree = "<group>"; };
		27EB2ADF18B834BC00C2D851 /* menu-25.png */ = {isa = PBXFileReference; lastKnownFileType = image.png; path = "menu-25.png"; sourceTree = "<group>"; };
		27EB2AE018B834BC00C2D851 /* menu-256.png */ = {isa = PBXFileReference; lastKnownFileType = image.png; path = "menu-256.png"; sourceTree = "<group>"; };
		27EB2AE118B834BC00C2D851 /* menu-32.png */ = {isa = PBXFileReference; lastKnownFileType = image.png; path = "menu-32.png"; sourceTree = "<group>"; };
		27EB2AE218B834BC00C2D851 /* menu-25@2x.png */ = {isa = PBXFileReference; lastKnownFileType = image.png; path = "menu-25@2x.png"; sourceTree = "<group>"; };
		27EB2AE318B834BC00C2D851 /* menu-512.png */ = {isa = PBXFileReference; lastKnownFileType = image.png; path = "menu-512.png"; sourceTree = "<group>"; };
		27EB2AE418B834BC00C2D851 /* menu-75.png */ = {isa = PBXFileReference; lastKnownFileType = image.png; path = "menu-75.png"; sourceTree = "<group>"; };
		27EB2AEF18B835E900C2D851 /* Server.h */ = {isa = PBXFileReference; fileEncoding = 4; lastKnownFileType = sourcecode.c.h; path = Server.h; sourceTree = "<group>"; };
		27EB2AF018B835E900C2D851 /* Server.m */ = {isa = PBXFileReference; fileEncoding = 4; lastKnownFileType = sourcecode.c.objc; path = Server.m; sourceTree = "<group>"; };
		27EB2AF318B842F500C2D851 /* ProfileViewController.h */ = {isa = PBXFileReference; fileEncoding = 4; lastKnownFileType = sourcecode.c.h; path = ProfileViewController.h; sourceTree = "<group>"; };
		27EB2AF418B842F500C2D851 /* ProfileViewController.m */ = {isa = PBXFileReference; fileEncoding = 4; lastKnownFileType = sourcecode.c.objc; path = ProfileViewController.m; sourceTree = "<group>"; };
		27EB2AF718B8431B00C2D851 /* PaymentViewController.h */ = {isa = PBXFileReference; fileEncoding = 4; lastKnownFileType = sourcecode.c.h; path = PaymentViewController.h; sourceTree = "<group>"; };
		27EB2AF818B8431B00C2D851 /* PaymentViewController.m */ = {isa = PBXFileReference; fileEncoding = 4; lastKnownFileType = sourcecode.c.objc; path = PaymentViewController.m; sourceTree = "<group>"; };
		27EB2AFA18B8433300C2D851 /* TransactionsViewController.h */ = {isa = PBXFileReference; fileEncoding = 4; lastKnownFileType = sourcecode.c.h; path = TransactionsViewController.h; sourceTree = "<group>"; };
		27EB2AFB18B8433300C2D851 /* TransactionsViewController.m */ = {isa = PBXFileReference; fileEncoding = 4; lastKnownFileType = sourcecode.c.objc; path = TransactionsViewController.m; sourceTree = "<group>"; };
		27EB2AFE18B8435800C2D851 /* NotificationsViewController.h */ = {isa = PBXFileReference; fileEncoding = 4; lastKnownFileType = sourcecode.c.h; path = NotificationsViewController.h; sourceTree = "<group>"; };
		27EB2AFF18B8435800C2D851 /* NotificationsViewController.m */ = {isa = PBXFileReference; fileEncoding = 4; lastKnownFileType = sourcecode.c.objc; path = NotificationsViewController.m; sourceTree = "<group>"; };
		27EB2B0118B8454300C2D851 /* PastEventsViewController.h */ = {isa = PBXFileReference; fileEncoding = 4; lastKnownFileType = sourcecode.c.h; path = PastEventsViewController.h; sourceTree = "<group>"; };
		27EB2B0218B8454300C2D851 /* PastEventsViewController.m */ = {isa = PBXFileReference; fileEncoding = 4; lastKnownFileType = sourcecode.c.objc; path = PastEventsViewController.m; sourceTree = "<group>"; };
		27EB2B0418B846F100C2D851 /* BaseNavigationController.h */ = {isa = PBXFileReference; fileEncoding = 4; lastKnownFileType = sourcecode.c.h; path = BaseNavigationController.h; sourceTree = "<group>"; };
		27EB2B0518B846F100C2D851 /* BaseNavigationController.m */ = {isa = PBXFileReference; fileEncoding = 4; lastKnownFileType = sourcecode.c.objc; path = BaseNavigationController.m; sourceTree = "<group>"; };
		27EB2B0718B84CA800C2D851 /* BaseCell.h */ = {isa = PBXFileReference; fileEncoding = 4; lastKnownFileType = sourcecode.c.h; path = BaseCell.h; sourceTree = "<group>"; };
		27EB2B0818B84CA800C2D851 /* BaseCell.m */ = {isa = PBXFileReference; fileEncoding = 4; lastKnownFileType = sourcecode.c.objc; path = BaseCell.m; sourceTree = "<group>"; };
		27EB2B0C18B863C400C2D851 /* AddItemView.h */ = {isa = PBXFileReference; fileEncoding = 4; lastKnownFileType = sourcecode.c.h; path = AddItemView.h; sourceTree = "<group>"; };
		27EB2B0D18B863C400C2D851 /* AddItemView.m */ = {isa = PBXFileReference; fileEncoding = 4; lastKnownFileType = sourcecode.c.objc; path = AddItemView.m; sourceTree = "<group>"; };
		27EB2B1118B87BAF00C2D851 /* EventAdminViewController.h */ = {isa = PBXFileReference; fileEncoding = 4; lastKnownFileType = sourcecode.c.h; path = EventAdminViewController.h; sourceTree = "<group>"; };
		27EB2B1218B87BAF00C2D851 /* EventAdminViewController.m */ = {isa = PBXFileReference; fileEncoding = 4; lastKnownFileType = sourcecode.c.objc; path = EventAdminViewController.m; sourceTree = "<group>"; };
		27EB2B1518B87F0300C2D851 /* AFHTTPRequestOperation.h */ = {isa = PBXFileReference; fileEncoding = 4; lastKnownFileType = sourcecode.c.h; path = AFHTTPRequestOperation.h; sourceTree = "<group>"; };
		27EB2B1618B87F0300C2D851 /* AFHTTPRequestOperation.m */ = {isa = PBXFileReference; fileEncoding = 4; lastKnownFileType = sourcecode.c.objc; path = AFHTTPRequestOperation.m; sourceTree = "<group>"; };
		27EB2B1718B87F0300C2D851 /* AFHTTPRequestOperationManager.h */ = {isa = PBXFileReference; fileEncoding = 4; lastKnownFileType = sourcecode.c.h; path = AFHTTPRequestOperationManager.h; sourceTree = "<group>"; };
		27EB2B1818B87F0300C2D851 /* AFHTTPRequestOperationManager.m */ = {isa = PBXFileReference; fileEncoding = 4; lastKnownFileType = sourcecode.c.objc; path = AFHTTPRequestOperationManager.m; sourceTree = "<group>"; };
		27EB2B1918B87F0300C2D851 /* AFHTTPSessionManager.h */ = {isa = PBXFileReference; fileEncoding = 4; lastKnownFileType = sourcecode.c.h; path = AFHTTPSessionManager.h; sourceTree = "<group>"; };
		27EB2B1A18B87F0300C2D851 /* AFHTTPSessionManager.m */ = {isa = PBXFileReference; fileEncoding = 4; lastKnownFileType = sourcecode.c.objc; path = AFHTTPSessionManager.m; sourceTree = "<group>"; };
		27EB2B1B18B87F0300C2D851 /* AFNetworking.h */ = {isa = PBXFileReference; fileEncoding = 4; lastKnownFileType = sourcecode.c.h; path = AFNetworking.h; sourceTree = "<group>"; };
		27EB2B1C18B87F0300C2D851 /* AFNetworkReachabilityManager.h */ = {isa = PBXFileReference; fileEncoding = 4; lastKnownFileType = sourcecode.c.h; path = AFNetworkReachabilityManager.h; sourceTree = "<group>"; };
		27EB2B1D18B87F0300C2D851 /* AFNetworkReachabilityManager.m */ = {isa = PBXFileReference; fileEncoding = 4; lastKnownFileType = sourcecode.c.objc; path = AFNetworkReachabilityManager.m; sourceTree = "<group>"; };
		27EB2B1E18B87F0300C2D851 /* AFSecurityPolicy.h */ = {isa = PBXFileReference; fileEncoding = 4; lastKnownFileType = sourcecode.c.h; path = AFSecurityPolicy.h; sourceTree = "<group>"; };
		27EB2B1F18B87F0300C2D851 /* AFSecurityPolicy.m */ = {isa = PBXFileReference; fileEncoding = 4; lastKnownFileType = sourcecode.c.objc; path = AFSecurityPolicy.m; sourceTree = "<group>"; };
		27EB2B2018B87F0300C2D851 /* AFURLConnectionOperation.h */ = {isa = PBXFileReference; fileEncoding = 4; lastKnownFileType = sourcecode.c.h; path = AFURLConnectionOperation.h; sourceTree = "<group>"; };
		27EB2B2118B87F0300C2D851 /* AFURLConnectionOperation.m */ = {isa = PBXFileReference; fileEncoding = 4; lastKnownFileType = sourcecode.c.objc; path = AFURLConnectionOperation.m; sourceTree = "<group>"; };
		27EB2B2218B87F0300C2D851 /* AFURLRequestSerialization.h */ = {isa = PBXFileReference; fileEncoding = 4; lastKnownFileType = sourcecode.c.h; path = AFURLRequestSerialization.h; sourceTree = "<group>"; };
		27EB2B2318B87F0300C2D851 /* AFURLRequestSerialization.m */ = {isa = PBXFileReference; fileEncoding = 4; lastKnownFileType = sourcecode.c.objc; path = AFURLRequestSerialization.m; sourceTree = "<group>"; };
		27EB2B2418B87F0300C2D851 /* AFURLResponseSerialization.h */ = {isa = PBXFileReference; fileEncoding = 4; lastKnownFileType = sourcecode.c.h; path = AFURLResponseSerialization.h; sourceTree = "<group>"; };
		27EB2B2518B87F0300C2D851 /* AFURLResponseSerialization.m */ = {isa = PBXFileReference; fileEncoding = 4; lastKnownFileType = sourcecode.c.objc; path = AFURLResponseSerialization.m; sourceTree = "<group>"; };
		27EB2B2618B87F0300C2D851 /* AFURLSessionManager.h */ = {isa = PBXFileReference; fileEncoding = 4; lastKnownFileType = sourcecode.c.h; path = AFURLSessionManager.h; sourceTree = "<group>"; };
		27EB2B2718B87F0300C2D851 /* AFURLSessionManager.m */ = {isa = PBXFileReference; fileEncoding = 4; lastKnownFileType = sourcecode.c.objc; path = AFURLSessionManager.m; sourceTree = "<group>"; };
		27EB2B3218B87F0C00C2D851 /* AFNetworkActivityIndicatorManager.h */ = {isa = PBXFileReference; fileEncoding = 4; lastKnownFileType = sourcecode.c.h; path = AFNetworkActivityIndicatorManager.h; sourceTree = "<group>"; };
		27EB2B3318B87F0C00C2D851 /* AFNetworkActivityIndicatorManager.m */ = {isa = PBXFileReference; fileEncoding = 4; lastKnownFileType = sourcecode.c.objc; path = AFNetworkActivityIndicatorManager.m; sourceTree = "<group>"; };
		27EB2B3418B87F0C00C2D851 /* UIActivityIndicatorView+AFNetworking.h */ = {isa = PBXFileReference; fileEncoding = 4; lastKnownFileType = sourcecode.c.h; path = "UIActivityIndicatorView+AFNetworking.h"; sourceTree = "<group>"; };
		27EB2B3518B87F0C00C2D851 /* UIActivityIndicatorView+AFNetworking.m */ = {isa = PBXFileReference; fileEncoding = 4; lastKnownFileType = sourcecode.c.objc; path = "UIActivityIndicatorView+AFNetworking.m"; sourceTree = "<group>"; };
		27EB2B3618B87F0C00C2D851 /* UIAlertView+AFNetworking.h */ = {isa = PBXFileReference; fileEncoding = 4; lastKnownFileType = sourcecode.c.h; path = "UIAlertView+AFNetworking.h"; sourceTree = "<group>"; };
		27EB2B3718B87F0C00C2D851 /* UIAlertView+AFNetworking.m */ = {isa = PBXFileReference; fileEncoding = 4; lastKnownFileType = sourcecode.c.objc; path = "UIAlertView+AFNetworking.m"; sourceTree = "<group>"; };
		27EB2B3818B87F0C00C2D851 /* UIButton+AFNetworking.h */ = {isa = PBXFileReference; fileEncoding = 4; lastKnownFileType = sourcecode.c.h; path = "UIButton+AFNetworking.h"; sourceTree = "<group>"; };
		27EB2B3918B87F0C00C2D851 /* UIButton+AFNetworking.m */ = {isa = PBXFileReference; fileEncoding = 4; lastKnownFileType = sourcecode.c.objc; path = "UIButton+AFNetworking.m"; sourceTree = "<group>"; };
		27EB2B3A18B87F0C00C2D851 /* UIImageView+AFNetworking.h */ = {isa = PBXFileReference; fileEncoding = 4; lastKnownFileType = sourcecode.c.h; path = "UIImageView+AFNetworking.h"; sourceTree = "<group>"; };
		27EB2B3B18B87F0C00C2D851 /* UIImageView+AFNetworking.m */ = {isa = PBXFileReference; fileEncoding = 4; lastKnownFileType = sourcecode.c.objc; path = "UIImageView+AFNetworking.m"; sourceTree = "<group>"; };
		27EB2B3C18B87F0C00C2D851 /* UIKit+AFNetworking.h */ = {isa = PBXFileReference; fileEncoding = 4; lastKnownFileType = sourcecode.c.h; path = "UIKit+AFNetworking.h"; sourceTree = "<group>"; };
		27EB2B3D18B87F0C00C2D851 /* UIProgressView+AFNetworking.h */ = {isa = PBXFileReference; fileEncoding = 4; lastKnownFileType = sourcecode.c.h; path = "UIProgressView+AFNetworking.h"; sourceTree = "<group>"; };
		27EB2B3E18B87F0C00C2D851 /* UIProgressView+AFNetworking.m */ = {isa = PBXFileReference; fileEncoding = 4; lastKnownFileType = sourcecode.c.objc; path = "UIProgressView+AFNetworking.m"; sourceTree = "<group>"; };
		27EB2B3F18B87F0C00C2D851 /* UIRefreshControl+AFNetworking.h */ = {isa = PBXFileReference; fileEncoding = 4; lastKnownFileType = sourcecode.c.h; path = "UIRefreshControl+AFNetworking.h"; sourceTree = "<group>"; };
		27EB2B4018B87F0C00C2D851 /* UIRefreshControl+AFNetworking.m */ = {isa = PBXFileReference; fileEncoding = 4; lastKnownFileType = sourcecode.c.objc; path = "UIRefreshControl+AFNetworking.m"; sourceTree = "<group>"; };
		27EB2B4118B87F0C00C2D851 /* UIWebView+AFNetworking.h */ = {isa = PBXFileReference; fileEncoding = 4; lastKnownFileType = sourcecode.c.h; path = "UIWebView+AFNetworking.h"; sourceTree = "<group>"; };
		27EB2B4218B87F0C00C2D851 /* UIWebView+AFNetworking.m */ = {isa = PBXFileReference; fileEncoding = 4; lastKnownFileType = sourcecode.c.objc; path = "UIWebView+AFNetworking.m"; sourceTree = "<group>"; };
		27EB2B4D18B88B0B00C2D851 /* EventMemberViewController.h */ = {isa = PBXFileReference; fileEncoding = 4; lastKnownFileType = sourcecode.c.h; path = EventMemberViewController.h; sourceTree = "<group>"; };
		27EB2B4E18B88B0B00C2D851 /* EventMemberViewController.m */ = {isa = PBXFileReference; fileEncoding = 4; lastKnownFileType = sourcecode.c.objc; path = EventMemberViewController.m; sourceTree = "<group>"; };
		27EB2B5018B88B1600C2D851 /* EventItemViewController.h */ = {isa = PBXFileReference; fileEncoding = 4; lastKnownFileType = sourcecode.c.h; path = EventItemViewController.h; sourceTree = "<group>"; };
		27EB2B5118B88B1600C2D851 /* EventItemViewController.m */ = {isa = PBXFileReference; fileEncoding = 4; lastKnownFileType = sourcecode.c.objc; path = EventItemViewController.m; sourceTree = "<group>"; };
		27EB2B6618B88FBE00C2D851 /* QuartzCore.framework */ = {isa = PBXFileReference; lastKnownFileType = wrapper.framework; name = QuartzCore.framework; path = System/Library/Frameworks/QuartzCore.framework; sourceTree = SDKROOT; };
		27EB2BF618B890D100C2D851 /* STPCard.h */ = {isa = PBXFileReference; fileEncoding = 4; lastKnownFileType = sourcecode.c.h; path = STPCard.h; sourceTree = "<group>"; };
		27EB2BF718B890D100C2D851 /* STPCard.m */ = {isa = PBXFileReference; fileEncoding = 4; lastKnownFileType = sourcecode.c.objc; path = STPCard.m; sourceTree = "<group>"; };
		27EB2BF818B890D100C2D851 /* STPToken.h */ = {isa = PBXFileReference; fileEncoding = 4; lastKnownFileType = sourcecode.c.h; path = STPToken.h; sourceTree = "<group>"; };
		27EB2BF918B890D100C2D851 /* STPToken.m */ = {isa = PBXFileReference; fileEncoding = 4; lastKnownFileType = sourcecode.c.objc; path = STPToken.m; sourceTree = "<group>"; };
		27EB2BFA18B890D100C2D851 /* STPView.h */ = {isa = PBXFileReference; fileEncoding = 4; lastKnownFileType = sourcecode.c.h; path = STPView.h; sourceTree = "<group>"; };
		27EB2BFB18B890D100C2D851 /* STPView.m */ = {isa = PBXFileReference; fileEncoding = 4; lastKnownFileType = sourcecode.c.objc; path = STPView.m; sourceTree = "<group>"; };
		27EB2BFC18B890D100C2D851 /* Stripe-Prefix.pch */ = {isa = PBXFileReference; fileEncoding = 4; lastKnownFileType = sourcecode.c.h; path = "Stripe-Prefix.pch"; sourceTree = "<group>"; };
		27EB2BFD18B890D100C2D851 /* Stripe.h */ = {isa = PBXFileReference; fileEncoding = 4; lastKnownFileType = sourcecode.c.h; path = Stripe.h; sourceTree = "<group>"; };
		27EB2BFE18B890D100C2D851 /* Stripe.m */ = {isa = PBXFileReference; fileEncoding = 4; lastKnownFileType = sourcecode.c.objc; path = Stripe.m; sourceTree = "<group>"; };
		27EB2BFF18B890D100C2D851 /* StripeError.h */ = {isa = PBXFileReference; fileEncoding = 4; lastKnownFileType = sourcecode.c.h; path = StripeError.h; sourceTree = "<group>"; };
		27EB2C0018B890D100C2D851 /* StripeError.m */ = {isa = PBXFileReference; fileEncoding = 4; lastKnownFileType = sourcecode.c.objc; path = StripeError.m; sourceTree = "<group>"; };
		27EB2C0318B890D100C2D851 /* .gitignore */ = {isa = PBXFileReference; fileEncoding = 4; lastKnownFileType = text; path = .gitignore; sourceTree = "<group>"; };
		27EB2C0418B890D100C2D851 /* LICENSE */ = {isa = PBXFileReference; fileEncoding = 4; lastKnownFileType = text; path = LICENSE; sourceTree = "<group>"; };
		27EB2C0618B890D100C2D851 /* PKAddressZip.h */ = {isa = PBXFileReference; fileEncoding = 4; lastKnownFileType = sourcecode.c.h; path = PKAddressZip.h; sourceTree = "<group>"; };
		27EB2C0718B890D100C2D851 /* PKAddressZip.m */ = {isa = PBXFileReference; fileEncoding = 4; lastKnownFileType = sourcecode.c.objc; path = PKAddressZip.m; sourceTree = "<group>"; };
		27EB2C0818B890D100C2D851 /* PKCard.h */ = {isa = PBXFileReference; fileEncoding = 4; lastKnownFileType = sourcecode.c.h; path = PKCard.h; sourceTree = "<group>"; };
		27EB2C0918B890D100C2D851 /* PKCard.m */ = {isa = PBXFileReference; fileEncoding = 4; lastKnownFileType = sourcecode.c.objc; path = PKCard.m; sourceTree = "<group>"; };
		27EB2C0A18B890D100C2D851 /* PKCardCVC.h */ = {isa = PBXFileReference; fileEncoding = 4; lastKnownFileType = sourcecode.c.h; path = PKCardCVC.h; sourceTree = "<group>"; };
		27EB2C0B18B890D100C2D851 /* PKCardCVC.m */ = {isa = PBXFileReference; fileEncoding = 4; lastKnownFileType = sourcecode.c.objc; path = PKCardCVC.m; sourceTree = "<group>"; };
		27EB2C0C18B890D100C2D851 /* PKCardExpiry.h */ = {isa = PBXFileReference; fileEncoding = 4; lastKnownFileType = sourcecode.c.h; path = PKCardExpiry.h; sourceTree = "<group>"; };
		27EB2C0D18B890D100C2D851 /* PKCardExpiry.m */ = {isa = PBXFileReference; fileEncoding = 4; lastKnownFileType = sourcecode.c.objc; path = PKCardExpiry.m; sourceTree = "<group>"; };
		27EB2C0E18B890D100C2D851 /* PKCardNumber.h */ = {isa = PBXFileReference; fileEncoding = 4; lastKnownFileType = sourcecode.c.h; path = PKCardNumber.h; sourceTree = "<group>"; };
		27EB2C0F18B890D100C2D851 /* PKCardNumber.m */ = {isa = PBXFileReference; fileEncoding = 4; lastKnownFileType = sourcecode.c.objc; path = PKCardNumber.m; sourceTree = "<group>"; };
		27EB2C1018B890D100C2D851 /* PKCardType.h */ = {isa = PBXFileReference; fileEncoding = 4; lastKnownFileType = sourcecode.c.h; path = PKCardType.h; sourceTree = "<group>"; };
		27EB2C1118B890D100C2D851 /* PKComponent.h */ = {isa = PBXFileReference; fileEncoding = 4; lastKnownFileType = sourcecode.c.h; path = PKComponent.h; sourceTree = "<group>"; };
		27EB2C1218B890D100C2D851 /* PKComponent.m */ = {isa = PBXFileReference; fileEncoding = 4; lastKnownFileType = sourcecode.c.objc; path = PKComponent.m; sourceTree = "<group>"; };
		27EB2C1318B890D100C2D851 /* PKTextField.h */ = {isa = PBXFileReference; fileEncoding = 4; lastKnownFileType = sourcecode.c.h; path = PKTextField.h; sourceTree = "<group>"; };
		27EB2C1418B890D100C2D851 /* PKTextField.m */ = {isa = PBXFileReference; fileEncoding = 4; lastKnownFileType = sourcecode.c.objc; path = PKTextField.m; sourceTree = "<group>"; };
		27EB2C1518B890D100C2D851 /* PKUSAddressZip.h */ = {isa = PBXFileReference; fileEncoding = 4; lastKnownFileType = sourcecode.c.h; path = PKUSAddressZip.h; sourceTree = "<group>"; };
		27EB2C1618B890D100C2D851 /* PKUSAddressZip.m */ = {isa = PBXFileReference; fileEncoding = 4; lastKnownFileType = sourcecode.c.objc; path = PKUSAddressZip.m; sourceTree = "<group>"; };
		27EB2C1718B890D100C2D851 /* PKView.h */ = {isa = PBXFileReference; fileEncoding = 4; lastKnownFileType = sourcecode.c.h; path = PKView.h; sourceTree = "<group>"; };
		27EB2C1818B890D100C2D851 /* PKView.m */ = {isa = PBXFileReference; fileEncoding = 4; lastKnownFileType = sourcecode.c.objc; path = PKView.m; sourceTree = "<group>"; };
		27EB2C1B18B890D100C2D851 /* amex.png */ = {isa = PBXFileReference; lastKnownFileType = image.png; path = amex.png; sourceTree = "<group>"; };
		27EB2C1C18B890D100C2D851 /* amex@2x.png */ = {isa = PBXFileReference; lastKnownFileType = image.png; path = "amex@2x.png"; sourceTree = "<group>"; };
		27EB2C1D18B890D100C2D851 /* cvc-amex.png */ = {isa = PBXFileReference; lastKnownFileType = image.png; path = "cvc-amex.png"; sourceTree = "<group>"; };
		27EB2C1E18B890D100C2D851 /* cvc-amex@2x.png */ = {isa = PBXFileReference; lastKnownFileType = image.png; path = "cvc-amex@2x.png"; sourceTree = "<group>"; };
		27EB2C1F18B890D100C2D851 /* cvc.png */ = {isa = PBXFileReference; lastKnownFileType = image.png; path = cvc.png; sourceTree = "<group>"; };
		27EB2C2018B890D100C2D851 /* cvc@2x.png */ = {isa = PBXFileReference; lastKnownFileType = image.png; path = "cvc@2x.png"; sourceTree = "<group>"; };
		27EB2C2118B890D100C2D851 /* diners.png */ = {isa = PBXFileReference; lastKnownFileType = image.png; path = diners.png; sourceTree = "<group>"; };
		27EB2C2218B890D100C2D851 /* diners@2x.png */ = {isa = PBXFileReference; lastKnownFileType = image.png; path = "diners@2x.png"; sourceTree = "<group>"; };
		27EB2C2318B890D100C2D851 /* discover.png */ = {isa = PBXFileReference; lastKnownFileType = image.png; path = discover.png; sourceTree = "<group>"; };
		27EB2C2418B890D100C2D851 /* discover@2x.png */ = {isa = PBXFileReference; lastKnownFileType = image.png; path = "discover@2x.png"; sourceTree = "<group>"; };
		27EB2C2518B890D100C2D851 /* jcb.png */ = {isa = PBXFileReference; lastKnownFileType = image.png; path = jcb.png; sourceTree = "<group>"; };
		27EB2C2618B890D100C2D851 /* jcb@2x.png */ = {isa = PBXFileReference; lastKnownFileType = image.png; path = "jcb@2x.png"; sourceTree = "<group>"; };
		27EB2C2718B890D100C2D851 /* mastercard.png */ = {isa = PBXFileReference; lastKnownFileType = image.png; path = mastercard.png; sourceTree = "<group>"; };
		27EB2C2818B890D100C2D851 /* mastercard@2x.png */ = {isa = PBXFileReference; lastKnownFileType = image.png; path = "mastercard@2x.png"; sourceTree = "<group>"; };
		27EB2C2918B890D100C2D851 /* placeholder.png */ = {isa = PBXFileReference; lastKnownFileType = image.png; path = placeholder.png; sourceTree = "<group>"; };
		27EB2C2A18B890D100C2D851 /* placeholder@2x.png */ = {isa = PBXFileReference; lastKnownFileType = image.png; path = "placeholder@2x.png"; sourceTree = "<group>"; };
		27EB2C2B18B890D100C2D851 /* visa.png */ = {isa = PBXFileReference; lastKnownFileType = image.png; path = visa.png; sourceTree = "<group>"; };
		27EB2C2C18B890D100C2D851 /* visa@2x.png */ = {isa = PBXFileReference; lastKnownFileType = image.png; path = "visa@2x.png"; sourceTree = "<group>"; };
		27EB2C2D18B890D100C2D851 /* gradient@2x.png */ = {isa = PBXFileReference; lastKnownFileType = image.png; path = "gradient@2x.png"; sourceTree = "<group>"; };
		27EB2C3018B890D100C2D851 /* en */ = {isa = PBXFileReference; lastKnownFileType = text.plist.strings; name = en; path = en.lproj/STPaymentLocalizable.strings; sourceTree = "<group>"; };
		27EB2C3118B890D100C2D851 /* textfield.png */ = {isa = PBXFileReference; lastKnownFileType = image.png; path = textfield.png; sourceTree = "<group>"; };
		27EB2C3218B890D100C2D851 /* textfield@2x.png */ = {isa = PBXFileReference; lastKnownFileType = image.png; path = "textfield@2x.png"; sourceTree = "<group>"; };
		27EB2C5718B890D100C2D851 /* README.md */ = {isa = PBXFileReference; fileEncoding = 4; lastKnownFileType = text; path = README.md; sourceTree = "<group>"; };
		27EB2C9718B8913E00C2D851 /* SenTestingKit.framework */ = {isa = PBXFileReference; lastKnownFileType = wrapper.framework; name = SenTestingKit.framework; path = Library/Frameworks/SenTestingKit.framework; sourceTree = DEVELOPER_DIR; };
		27EB2C9918B91E1300C2D851 /* Utils.h */ = {isa = PBXFileReference; fileEncoding = 4; lastKnownFileType = sourcecode.c.h; path = Utils.h; sourceTree = "<group>"; };
		27EB2C9A18B91E1300C2D851 /* Utils.m */ = {isa = PBXFileReference; fileEncoding = 4; lastKnownFileType = sourcecode.c.objc; path = Utils.m; sourceTree = "<group>"; };
		27EB2C9C18B91EE800C2D851 /* Settings.h */ = {isa = PBXFileReference; fileEncoding = 4; lastKnownFileType = sourcecode.c.h; path = Settings.h; sourceTree = "<group>"; };
		27EB2C9D18B91EE800C2D851 /* Settings.m */ = {isa = PBXFileReference; fileEncoding = 4; lastKnownFileType = sourcecode.c.objc; path = Settings.m; sourceTree = "<group>"; };
		27EB2CA018B9391C00C2D851 /* MainEventCell.h */ = {isa = PBXFileReference; fileEncoding = 4; lastKnownFileType = sourcecode.c.h; path = MainEventCell.h; sourceTree = "<group>"; };
		27EB2CA118B9391C00C2D851 /* MainEventCell.m */ = {isa = PBXFileReference; fileEncoding = 4; lastKnownFileType = sourcecode.c.objc; path = MainEventCell.m; sourceTree = "<group>"; };
		27EB2CC818B94DF500C2D851 /* AddDeviceContactsViewController.h */ = {isa = PBXFileReference; fileEncoding = 4; lastKnownFileType = sourcecode.c.h; path = AddDeviceContactsViewController.h; sourceTree = "<group>"; };
		27EB2CC918B94DF500C2D851 /* AddDeviceContactsViewController.m */ = {isa = PBXFileReference; fileEncoding = 4; lastKnownFileType = sourcecode.c.objc; path = AddDeviceContactsViewController.m; sourceTree = "<group>"; };
		27EB2CCB18B94E4600C2D851 /* AddressBook.framework */ = {isa = PBXFileReference; lastKnownFileType = wrapper.framework; name = AddressBook.framework; path = System/Library/Frameworks/AddressBook.framework; sourceTree = SDKROOT; };
		27EB2CCC18B94E4600C2D851 /* AddressBookUI.framework */ = {isa = PBXFileReference; lastKnownFileType = wrapper.framework; name = AddressBookUI.framework; path = System/Library/Frameworks/AddressBookUI.framework; sourceTree = SDKROOT; };
		27EB2CDB18B9574400C2D851 /* ContactsData.h */ = {isa = PBXFileReference; fileEncoding = 4; lastKnownFileType = sourcecode.c.h; path = ContactsData.h; sourceTree = "<group>"; };
		27EB2CDC18B9574400C2D851 /* ContactsData.m */ = {isa = PBXFileReference; fileEncoding = 4; lastKnownFileType = sourcecode.c.objc; path = ContactsData.m; sourceTree = "<group>"; };
		27EB2D1A18B95A5800C2D851 /* THBubbleColor.h */ = {isa = PBXFileReference; fileEncoding = 4; lastKnownFileType = sourcecode.c.h; path = THBubbleColor.h; sourceTree = "<group>"; };
		27EB2D1B18B95A5800C2D851 /* THBubbleColor.m */ = {isa = PBXFileReference; fileEncoding = 4; lastKnownFileType = sourcecode.c.objc; path = THBubbleColor.m; sourceTree = "<group>"; };
		27EB2D1C18B95A5800C2D851 /* THContactBubble.h */ = {isa = PBXFileReference; fileEncoding = 4; lastKnownFileType = sourcecode.c.h; path = THContactBubble.h; sourceTree = "<group>"; };
		27EB2D1D18B95A5800C2D851 /* THContactBubble.m */ = {isa = PBXFileReference; fileEncoding = 4; lastKnownFileType = sourcecode.c.objc; path = THContactBubble.m; sourceTree = "<group>"; };
		27EB2D1E18B95A5800C2D851 /* THContactPickerView.h */ = {isa = PBXFileReference; fileEncoding = 4; lastKnownFileType = sourcecode.c.h; path = THContactPickerView.h; sourceTree = "<group>"; };
		27EB2D1F18B95A5800C2D851 /* THContactPickerView.m */ = {isa = PBXFileReference; fileEncoding = 4; lastKnownFileType = sourcecode.c.objc; path = THContactPickerView.m; sourceTree = "<group>"; };
		27EB2D2018B95A5800C2D851 /* THContactPickerViewController.h */ = {isa = PBXFileReference; fileEncoding = 4; lastKnownFileType = sourcecode.c.h; path = THContactPickerViewController.h; sourceTree = "<group>"; };
		27EB2D2118B95A5800C2D851 /* THContactPickerViewController.m */ = {isa = PBXFileReference; fileEncoding = 4; lastKnownFileType = sourcecode.c.objc; path = THContactPickerViewController.m; sourceTree = "<group>"; };
		27EB2D2F18B977A300C2D851 /* MessageUI.framework */ = {isa = PBXFileReference; lastKnownFileType = wrapper.framework; name = MessageUI.framework; path = System/Library/Frameworks/MessageUI.framework; sourceTree = SDKROOT; };
		27EB2D3218B9876C00C2D851 /* EventItemCell.h */ = {isa = PBXFileReference; fileEncoding = 4; lastKnownFileType = sourcecode.c.h; path = EventItemCell.h; sourceTree = "<group>"; };
		27EB2D3318B9876C00C2D851 /* EventItemCell.m */ = {isa = PBXFileReference; fileEncoding = 4; lastKnownFileType = sourcecode.c.objc; path = EventItemCell.m; sourceTree = "<group>"; };
		27EB2D3518B9881E00C2D851 /* EventItem.h */ = {isa = PBXFileReference; fileEncoding = 4; lastKnownFileType = sourcecode.c.h; path = EventItem.h; sourceTree = "<group>"; };
		27EB2D3618B9881E00C2D851 /* EventItem.m */ = {isa = PBXFileReference; fileEncoding = 4; lastKnownFileType = sourcecode.c.objc; path = EventItem.m; sourceTree = "<group>"; };
		27EB2D3918B9D24B00C2D851 /* MCSwipeTableViewCell.h */ = {isa = PBXFileReference; fileEncoding = 4; lastKnownFileType = sourcecode.c.h; path = MCSwipeTableViewCell.h; sourceTree = "<group>"; };
		27EB2D3A18B9D24B00C2D851 /* MCSwipeTableViewCell.m */ = {isa = PBXFileReference; fileEncoding = 4; lastKnownFileType = sourcecode.c.objc; path = MCSwipeTableViewCell.m; sourceTree = "<group>"; };
/* End PBXFileReference section */

/* Begin PBXFrameworksBuildPhase section */
		27EB2A7B18B8160200C2D851 /* Frameworks */ = {
			isa = PBXFrameworksBuildPhase;
			buildActionMask = 2147483647;
			files = (
				27EB2D3018B977A300C2D851 /* MessageUI.framework in Frameworks */,
				27EB2CCD18B94E4600C2D851 /* AddressBook.framework in Frameworks */,
				27EB2CCE18B94E4600C2D851 /* AddressBookUI.framework in Frameworks */,
				27EB2B6718B88FBE00C2D851 /* QuartzCore.framework in Frameworks */,
				27EB2A8418B8160200C2D851 /* CoreGraphics.framework in Frameworks */,
				27EB2A8618B8160200C2D851 /* UIKit.framework in Frameworks */,
				27EB2A8218B8160200C2D851 /* Foundation.framework in Frameworks */,
			);
			runOnlyForDeploymentPostprocessing = 0;
		};
		27EB2A9618B8160300C2D851 /* Frameworks */ = {
			isa = PBXFrameworksBuildPhase;
			buildActionMask = 2147483647;
			files = (
				27EB2A9B18B8160300C2D851 /* XCTest.framework in Frameworks */,
				27EB2A9D18B8160300C2D851 /* UIKit.framework in Frameworks */,
				27EB2A9C18B8160300C2D851 /* Foundation.framework in Frameworks */,
			);
			runOnlyForDeploymentPostprocessing = 0;
		};
/* End PBXFrameworksBuildPhase section */

/* Begin PBXGroup section */
		27EB2A7518B8160200C2D851 = {
			isa = PBXGroup;
			children = (
				27EB2A8718B8160200C2D851 /* evenup */,
				27EB2AA018B8160300C2D851 /* evenupTests */,
				27EB2A8018B8160200C2D851 /* Frameworks */,
				27EB2A7F18B8160200C2D851 /* Products */,
			);
			sourceTree = "<group>";
		};
		27EB2A7F18B8160200C2D851 /* Products */ = {
			isa = PBXGroup;
			children = (
				27EB2A7E18B8160200C2D851 /* evenup.app */,
				27EB2A9918B8160300C2D851 /* evenupTests.xctest */,
			);
			name = Products;
			sourceTree = "<group>";
		};
		27EB2A8018B8160200C2D851 /* Frameworks */ = {
			isa = PBXGroup;
			children = (
				27EB2D2F18B977A300C2D851 /* MessageUI.framework */,
				27EB2CCB18B94E4600C2D851 /* AddressBook.framework */,
				27EB2CCC18B94E4600C2D851 /* AddressBookUI.framework */,
				27EB2C9718B8913E00C2D851 /* SenTestingKit.framework */,
				27EB2B6618B88FBE00C2D851 /* QuartzCore.framework */,
				27EB2A8118B8160200C2D851 /* Foundation.framework */,
				27EB2A8318B8160200C2D851 /* CoreGraphics.framework */,
				27EB2A8518B8160200C2D851 /* UIKit.framework */,
				27EB2A9A18B8160300C2D851 /* XCTest.framework */,
			);
			name = Frameworks;
			sourceTree = "<group>";
		};
		27EB2A8718B8160200C2D851 /* evenup */ = {
			isa = PBXGroup;
			children = (
				27EB2AFD18B8434000C2D851 /* Notifications */,
				27EB2AF218B842E200C2D851 /* User */,
				27EB2AEE18B835CF00C2D851 /* Controller */,
				27EB2ADA18B8348600C2D851 /* Images */,
				27EB2AC818B8184500C2D851 /* Login/Signup */,
				27EB2AB918B816E600C2D851 /* Libs */,
				27EB2AB218B8165100C2D851 /* Event */,
				27EB2AB118B8164C00C2D851 /* Home */,
				27EB2AB018B8164600C2D851 /* Base */,
				27EB2A9018B8160200C2D851 /* AppDelegate.h */,
				27EB2A9118B8160200C2D851 /* AppDelegate.m */,
				27EB2A9318B8160200C2D851 /* Images.xcassets */,
				27EB2A8818B8160200C2D851 /* Supporting Files */,
			);
			path = evenup;
			sourceTree = "<group>";
		};
		27EB2A8818B8160200C2D851 /* Supporting Files */ = {
			isa = PBXGroup;
			children = (
				27EB2A8918B8160200C2D851 /* evenup-Info.plist */,
				27EB2A8A18B8160200C2D851 /* InfoPlist.strings */,
				27EB2A8D18B8160200C2D851 /* main.m */,
				27EB2A8F18B8160200C2D851 /* evenup-Prefix.pch */,
			);
			name = "Supporting Files";
			sourceTree = "<group>";
		};
		27EB2AA018B8160300C2D851 /* evenupTests */ = {
			isa = PBXGroup;
			children = (
				27EB2AA618B8160300C2D851 /* evenupTests.m */,
				27EB2AA118B8160300C2D851 /* Supporting Files */,
			);
			path = evenupTests;
			sourceTree = "<group>";
		};
		27EB2AA118B8160300C2D851 /* Supporting Files */ = {
			isa = PBXGroup;
			children = (
				27EB2AA218B8160300C2D851 /* evenupTests-Info.plist */,
				27EB2AA318B8160300C2D851 /* InfoPlist.strings */,
			);
			name = "Supporting Files";
			sourceTree = "<group>";
		};
		27EB2AB018B8164600C2D851 /* Base */ = {
			isa = PBXGroup;
			children = (
				27EB2AB318B8166600C2D851 /* BaseViewController.h */,
				27EB2AB418B8166600C2D851 /* BaseViewController.m */,
				27EB2B0418B846F100C2D851 /* BaseNavigationController.h */,
				27EB2B0518B846F100C2D851 /* BaseNavigationController.m */,
				27EB2B0718B84CA800C2D851 /* BaseCell.h */,
				27EB2B0818B84CA800C2D851 /* BaseCell.m */,
				27EB2C9918B91E1300C2D851 /* Utils.h */,
				27EB2C9A18B91E1300C2D851 /* Utils.m */,
				27EB2C9C18B91EE800C2D851 /* Settings.h */,
				27EB2C9D18B91EE800C2D851 /* Settings.m */,
			);
			name = Base;
			sourceTree = "<group>";
		};
		27EB2AB118B8164C00C2D851 /* Home */ = {
			isa = PBXGroup;
			children = (
				27EB2C9F18B938FE00C2D851 /* Cells */,
				27EB2AB618B8167F00C2D851 /* HomeViewController.h */,
				27EB2AB718B8167F00C2D851 /* HomeViewController.m */,
				27EB2AC418B8172F00C2D851 /* SideViewController.h */,
				27EB2AC518B8172F00C2D851 /* SideViewController.m */,
			);
			name = Home;
			sourceTree = "<group>";
		};
		27EB2AB218B8165100C2D851 /* Event */ = {
			isa = PBXGroup;
			children = (
				27EB2B0A18B8621A00C2D851 /* Details */,
				27EB2AD618B825CB00C2D851 /* Models */,
				27EB2AD518B824D400C2D851 /* Cells */,
				27EB2AD218B81F1400C2D851 /* AddEventViewController.h */,
				27EB2AD318B81F1400C2D851 /* AddEventViewController.m */,
				27EB2B0118B8454300C2D851 /* PastEventsViewController.h */,
				27EB2B0218B8454300C2D851 /* PastEventsViewController.m */,
			);
			name = Event;
			sourceTree = "<group>";
		};
		27EB2AB918B816E600C2D851 /* Libs */ = {
			isa = PBXGroup;
			children = (
				27EB2D3818B9D24B00C2D851 /* MCSwipeTableViewCell */,
				27EB2D0F18B95A5800C2D851 /* ContactPicker */,
				27EB2BF518B890D100C2D851 /* Stripe */,
				27EB2B3118B87F0C00C2D851 /* UIKit+AFNetworking */,
				27EB2B1418B87F0300C2D851 /* AFNetworking */,
				27EB2ABA18B8171B00C2D851 /* ViewDeck */,
			);
			name = Libs;
			sourceTree = "<group>";
		};
		27EB2ABA18B8171B00C2D851 /* ViewDeck */ = {
			isa = PBXGroup;
			children = (
				27EB2ABB18B8171B00C2D851 /* IISideController.h */,
				27EB2ABC18B8171B00C2D851 /* IISideController.m */,
				27EB2ABD18B8171B00C2D851 /* IIViewDeckController.h */,
				27EB2ABE18B8171B00C2D851 /* IIViewDeckController.m */,
				27EB2ABF18B8171B00C2D851 /* IIWrapController.h */,
				27EB2AC018B8171B00C2D851 /* IIWrapController.m */,
			);
			path = ViewDeck;
			sourceTree = "<group>";
		};
		27EB2AC818B8184500C2D851 /* Login/Signup */ = {
			isa = PBXGroup;
			children = (
				27EB2ACC18B81E9B00C2D851 /* LoginViewController.h */,
				27EB2ACD18B81E9B00C2D851 /* LoginViewController.m */,
				27EB2ACF18B81EA700C2D851 /* SignUpViewController.h */,
				27EB2AD018B81EA700C2D851 /* SignUpViewController.m */,
			);
			name = Login/Signup;
			sourceTree = "<group>";
		};
		27EB2AD518B824D400C2D851 /* Cells */ = {
			isa = PBXGroup;
			children = (
				27EB2D3218B9876C00C2D851 /* EventItemCell.h */,
				27EB2D3318B9876C00C2D851 /* EventItemCell.m */,
				27D5ECA918BA05D2009C9787 /* EventMemberCell.h */,
				27D5ECAA18BA05D3009C9787 /* EventMemberCell.m */,
			);
			name = Cells;
			sourceTree = "<group>";
		};
		27EB2AD618B825CB00C2D851 /* Models */ = {
			isa = PBXGroup;
			children = (
				27EB2CDB18B9574400C2D851 /* ContactsData.h */,
				27EB2CDC18B9574400C2D851 /* ContactsData.m */,
				27EB2AD718B8263D00C2D851 /* Event.h */,
				27EB2AD818B8263D00C2D851 /* Event.m */,
				27EB2D3518B9881E00C2D851 /* EventItem.h */,
				27EB2D3618B9881E00C2D851 /* EventItem.m */,
				27D5ECAC18BA05E6009C9787 /* EventMember.h */,
				27D5ECAD18BA05E6009C9787 /* EventMember.m */,
				27D5ECB018BA3B32009C9787 /* User.h */,
				27D5ECB118BA3B32009C9787 /* User.m */,
			);
			name = Models;
			sourceTree = "<group>";
		};
		27EB2ADA18B8348600C2D851 /* Images */ = {
			isa = PBXGroup;
			children = (
				27EB2ADB18B834BC00C2D851 /* menu */,
			);
			name = Images;
			sourceTree = "<group>";
		};
		27EB2ADB18B834BC00C2D851 /* menu */ = {
			isa = PBXGroup;
			children = (
				27EB2ADC18B834BC00C2D851 /* license.txt */,
				27EB2ADD18B834BC00C2D851 /* menu-100.png */,
				27EB2ADE18B834BC00C2D851 /* menu-128.png */,
				27EB2ADF18B834BC00C2D851 /* menu-25.png */,
				27EB2AE018B834BC00C2D851 /* menu-256.png */,
				27EB2AE118B834BC00C2D851 /* menu-32.png */,
				27EB2AE218B834BC00C2D851 /* menu-25@2x.png */,
				27EB2AE318B834BC00C2D851 /* menu-512.png */,
				27EB2AE418B834BC00C2D851 /* menu-75.png */,
			);
			path = menu;
			sourceTree = "<group>";
		};
		27EB2AEE18B835CF00C2D851 /* Controller */ = {
			isa = PBXGroup;
			children = (
				27EB2AEF18B835E900C2D851 /* Server.h */,
				27EB2AF018B835E900C2D851 /* Server.m */,
			);
			name = Controller;
			sourceTree = "<group>";
		};
		27EB2AF218B842E200C2D851 /* User */ = {
			isa = PBXGroup;
			children = (
				27EB2AF318B842F500C2D851 /* ProfileViewController.h */,
				27EB2AF418B842F500C2D851 /* ProfileViewController.m */,
				27EB2AF718B8431B00C2D851 /* PaymentViewController.h */,
				27EB2AF818B8431B00C2D851 /* PaymentViewController.m */,
				27EB2AFA18B8433300C2D851 /* TransactionsViewController.h */,
				27EB2AFB18B8433300C2D851 /* TransactionsViewController.m */,
			);
			name = User;
			sourceTree = "<group>";
		};
		27EB2AFD18B8434000C2D851 /* Notifications */ = {
			isa = PBXGroup;
			children = (
				27EB2AFE18B8435800C2D851 /* NotificationsViewController.h */,
				27EB2AFF18B8435800C2D851 /* NotificationsViewController.m */,
			);
			name = Notifications;
			sourceTree = "<group>";
		};
		27EB2B0A18B8621A00C2D851 /* Details */ = {
			isa = PBXGroup;
			children = (
				27EB2B4C18B88AF600C2D851 /* Members */,
				27EB2B4B18B88AEC00C2D851 /* Item */,
				27EB2B1018B87A3700C2D851 /* Admin */,
				27EB2B0F18B873C700C2D851 /* EventComplete */,
				27EB2B0B18B8627700C2D851 /* Add */,
				27EB2ACA18B81E8F00C2D851 /* EventViewController.m */,
				27EB2AC918B81E8F00C2D851 /* EventViewController.h */,
			);
			name = Details;
			sourceTree = "<group>";
		};
		27EB2B0B18B8627700C2D851 /* Add */ = {
			isa = PBXGroup;
			children = (
				27EB2B0C18B863C400C2D851 /* AddItemView.h */,
				27EB2B0D18B863C400C2D851 /* AddItemView.m */,
				27EB2CC818B94DF500C2D851 /* AddDeviceContactsViewController.h */,
				27EB2CC918B94DF500C2D851 /* AddDeviceContactsViewController.m */,
			);
			name = Add;
			sourceTree = "<group>";
		};
		27EB2B0F18B873C700C2D851 /* EventComplete */ = {
			isa = PBXGroup;
			children = (
				27D5ECB318BA688E009C9787 /* EventCompleteViewController.h */,
				27D5ECB418BA688E009C9787 /* EventCompleteViewController.m */,
			);
			name = EventComplete;
			sourceTree = "<group>";
		};
		27EB2B1018B87A3700C2D851 /* Admin */ = {
			isa = PBXGroup;
			children = (
				27EB2B1118B87BAF00C2D851 /* EventAdminViewController.h */,
				27EB2B1218B87BAF00C2D851 /* EventAdminViewController.m */,
			);
			name = Admin;
			sourceTree = "<group>";
		};
		27EB2B1418B87F0300C2D851 /* AFNetworking */ = {
			isa = PBXGroup;
			children = (
				27EB2B1518B87F0300C2D851 /* AFHTTPRequestOperation.h */,
				27EB2B1618B87F0300C2D851 /* AFHTTPRequestOperation.m */,
				27EB2B1718B87F0300C2D851 /* AFHTTPRequestOperationManager.h */,
				27EB2B1818B87F0300C2D851 /* AFHTTPRequestOperationManager.m */,
				27EB2B1918B87F0300C2D851 /* AFHTTPSessionManager.h */,
				27EB2B1A18B87F0300C2D851 /* AFHTTPSessionManager.m */,
				27EB2B1B18B87F0300C2D851 /* AFNetworking.h */,
				27EB2B1C18B87F0300C2D851 /* AFNetworkReachabilityManager.h */,
				27EB2B1D18B87F0300C2D851 /* AFNetworkReachabilityManager.m */,
				27EB2B1E18B87F0300C2D851 /* AFSecurityPolicy.h */,
				27EB2B1F18B87F0300C2D851 /* AFSecurityPolicy.m */,
				27EB2B2018B87F0300C2D851 /* AFURLConnectionOperation.h */,
				27EB2B2118B87F0300C2D851 /* AFURLConnectionOperation.m */,
				27EB2B2218B87F0300C2D851 /* AFURLRequestSerialization.h */,
				27EB2B2318B87F0300C2D851 /* AFURLRequestSerialization.m */,
				27EB2B2418B87F0300C2D851 /* AFURLResponseSerialization.h */,
				27EB2B2518B87F0300C2D851 /* AFURLResponseSerialization.m */,
				27EB2B2618B87F0300C2D851 /* AFURLSessionManager.h */,
				27EB2B2718B87F0300C2D851 /* AFURLSessionManager.m */,
			);
			path = AFNetworking;
			sourceTree = "<group>";
		};
		27EB2B3118B87F0C00C2D851 /* UIKit+AFNetworking */ = {
			isa = PBXGroup;
			children = (
				27EB2B3218B87F0C00C2D851 /* AFNetworkActivityIndicatorManager.h */,
				27EB2B3318B87F0C00C2D851 /* AFNetworkActivityIndicatorManager.m */,
				27EB2B3418B87F0C00C2D851 /* UIActivityIndicatorView+AFNetworking.h */,
				27EB2B3518B87F0C00C2D851 /* UIActivityIndicatorView+AFNetworking.m */,
				27EB2B3618B87F0C00C2D851 /* UIAlertView+AFNetworking.h */,
				27EB2B3718B87F0C00C2D851 /* UIAlertView+AFNetworking.m */,
				27EB2B3818B87F0C00C2D851 /* UIButton+AFNetworking.h */,
				27EB2B3918B87F0C00C2D851 /* UIButton+AFNetworking.m */,
				27EB2B3A18B87F0C00C2D851 /* UIImageView+AFNetworking.h */,
				27EB2B3B18B87F0C00C2D851 /* UIImageView+AFNetworking.m */,
				27EB2B3C18B87F0C00C2D851 /* UIKit+AFNetworking.h */,
				27EB2B3D18B87F0C00C2D851 /* UIProgressView+AFNetworking.h */,
				27EB2B3E18B87F0C00C2D851 /* UIProgressView+AFNetworking.m */,
				27EB2B3F18B87F0C00C2D851 /* UIRefreshControl+AFNetworking.h */,
				27EB2B4018B87F0C00C2D851 /* UIRefreshControl+AFNetworking.m */,
				27EB2B4118B87F0C00C2D851 /* UIWebView+AFNetworking.h */,
				27EB2B4218B87F0C00C2D851 /* UIWebView+AFNetworking.m */,
			);
			path = "UIKit+AFNetworking";
			sourceTree = "<group>";
		};
		27EB2B4B18B88AEC00C2D851 /* Item */ = {
			isa = PBXGroup;
			children = (
				27EB2B5018B88B1600C2D851 /* EventItemViewController.h */,
				27EB2B5118B88B1600C2D851 /* EventItemViewController.m */,
			);
			name = Item;
			sourceTree = "<group>";
		};
		27EB2B4C18B88AF600C2D851 /* Members */ = {
			isa = PBXGroup;
			children = (
				27EB2B4D18B88B0B00C2D851 /* EventMemberViewController.h */,
				27EB2B4E18B88B0B00C2D851 /* EventMemberViewController.m */,
			);
			name = Members;
			sourceTree = "<group>";
		};
		27EB2BF518B890D100C2D851 /* Stripe */ = {
			isa = PBXGroup;
			children = (
				27EB2BF618B890D100C2D851 /* STPCard.h */,
				27EB2BF718B890D100C2D851 /* STPCard.m */,
				27EB2BF818B890D100C2D851 /* STPToken.h */,
				27EB2BF918B890D100C2D851 /* STPToken.m */,
				27EB2BFA18B890D100C2D851 /* STPView.h */,
				27EB2BFB18B890D100C2D851 /* STPView.m */,
				27EB2BFC18B890D100C2D851 /* Stripe-Prefix.pch */,
				27EB2BFD18B890D100C2D851 /* Stripe.h */,
				27EB2BFE18B890D100C2D851 /* Stripe.m */,
				27EB2BFF18B890D100C2D851 /* StripeError.h */,
				27EB2C0018B890D100C2D851 /* StripeError.m */,
				27EB2C0118B890D100C2D851 /* Vendor */,
			);
			path = Stripe;
			sourceTree = "<group>";
		};
		27EB2C0118B890D100C2D851 /* Vendor */ = {
			isa = PBXGroup;
			children = (
				27EB2C0218B890D100C2D851 /* PaymentKit */,
			);
			path = Vendor;
			sourceTree = "<group>";
		};
		27EB2C0218B890D100C2D851 /* PaymentKit */ = {
			isa = PBXGroup;
			children = (
				27EB2C0318B890D100C2D851 /* .gitignore */,
				27EB2C0418B890D100C2D851 /* LICENSE */,
				27EB2C0518B890D100C2D851 /* PaymentKit */,
				27EB2C5718B890D100C2D851 /* README.md */,
			);
			path = PaymentKit;
			sourceTree = "<group>";
		};
		27EB2C0518B890D100C2D851 /* PaymentKit */ = {
			isa = PBXGroup;
			children = (
				27EB2C0618B890D100C2D851 /* PKAddressZip.h */,
				27EB2C0718B890D100C2D851 /* PKAddressZip.m */,
				27EB2C0818B890D100C2D851 /* PKCard.h */,
				27EB2C0918B890D100C2D851 /* PKCard.m */,
				27EB2C0A18B890D100C2D851 /* PKCardCVC.h */,
				27EB2C0B18B890D100C2D851 /* PKCardCVC.m */,
				27EB2C0C18B890D100C2D851 /* PKCardExpiry.h */,
				27EB2C0D18B890D100C2D851 /* PKCardExpiry.m */,
				27EB2C0E18B890D100C2D851 /* PKCardNumber.h */,
				27EB2C0F18B890D100C2D851 /* PKCardNumber.m */,
				27EB2C1018B890D100C2D851 /* PKCardType.h */,
				27EB2C1118B890D100C2D851 /* PKComponent.h */,
				27EB2C1218B890D100C2D851 /* PKComponent.m */,
				27EB2C1318B890D100C2D851 /* PKTextField.h */,
				27EB2C1418B890D100C2D851 /* PKTextField.m */,
				27EB2C1518B890D100C2D851 /* PKUSAddressZip.h */,
				27EB2C1618B890D100C2D851 /* PKUSAddressZip.m */,
				27EB2C1718B890D100C2D851 /* PKView.h */,
				27EB2C1818B890D100C2D851 /* PKView.m */,
				27EB2C1918B890D100C2D851 /* Resources */,
			);
			path = PaymentKit;
			sourceTree = "<group>";
		};
		27EB2C1918B890D100C2D851 /* Resources */ = {
			isa = PBXGroup;
			children = (
				27EB2C1A18B890D100C2D851 /* Cards */,
				27EB2C2D18B890D100C2D851 /* gradient@2x.png */,
				27EB2C2E18B890D100C2D851 /* Localization */,
				27EB2C3118B890D100C2D851 /* textfield.png */,
				27EB2C3218B890D100C2D851 /* textfield@2x.png */,
			);
			path = Resources;
			sourceTree = "<group>";
		};
		27EB2C1A18B890D100C2D851 /* Cards */ = {
			isa = PBXGroup;
			children = (
				27EB2C1B18B890D100C2D851 /* amex.png */,
				27EB2C1C18B890D100C2D851 /* amex@2x.png */,
				27EB2C1D18B890D100C2D851 /* cvc-amex.png */,
				27EB2C1E18B890D100C2D851 /* cvc-amex@2x.png */,
				27EB2C1F18B890D100C2D851 /* cvc.png */,
				27EB2C2018B890D100C2D851 /* cvc@2x.png */,
				27EB2C2118B890D100C2D851 /* diners.png */,
				27EB2C2218B890D100C2D851 /* diners@2x.png */,
				27EB2C2318B890D100C2D851 /* discover.png */,
				27EB2C2418B890D100C2D851 /* discover@2x.png */,
				27EB2C2518B890D100C2D851 /* jcb.png */,
				27EB2C2618B890D100C2D851 /* jcb@2x.png */,
				27EB2C2718B890D100C2D851 /* mastercard.png */,
				27EB2C2818B890D100C2D851 /* mastercard@2x.png */,
				27EB2C2918B890D100C2D851 /* placeholder.png */,
				27EB2C2A18B890D100C2D851 /* placeholder@2x.png */,
				27EB2C2B18B890D100C2D851 /* visa.png */,
				27EB2C2C18B890D100C2D851 /* visa@2x.png */,
			);
			path = Cards;
			sourceTree = "<group>";
		};
		27EB2C2E18B890D100C2D851 /* Localization */ = {
			isa = PBXGroup;
			children = (
				27EB2C2F18B890D100C2D851 /* STPaymentLocalizable.strings */,
			);
			path = Localization;
			sourceTree = "<group>";
		};
		27EB2C9F18B938FE00C2D851 /* Cells */ = {
			isa = PBXGroup;
			children = (
				27EB2CA018B9391C00C2D851 /* MainEventCell.h */,
				27EB2CA118B9391C00C2D851 /* MainEventCell.m */,
			);
			name = Cells;
			sourceTree = "<group>";
		};
		27EB2D0F18B95A5800C2D851 /* ContactPicker */ = {
			isa = PBXGroup;
			children = (
				27EB2D1A18B95A5800C2D851 /* THBubbleColor.h */,
				27EB2D1B18B95A5800C2D851 /* THBubbleColor.m */,
				27EB2D1C18B95A5800C2D851 /* THContactBubble.h */,
				27EB2D1D18B95A5800C2D851 /* THContactBubble.m */,
				27EB2D1E18B95A5800C2D851 /* THContactPickerView.h */,
				27EB2D1F18B95A5800C2D851 /* THContactPickerView.m */,
				27EB2D2018B95A5800C2D851 /* THContactPickerViewController.h */,
				27EB2D2118B95A5800C2D851 /* THContactPickerViewController.m */,
			);
			path = ContactPicker;
			sourceTree = "<group>";
		};
		27EB2D3818B9D24B00C2D851 /* MCSwipeTableViewCell */ = {
			isa = PBXGroup;
			children = (
				27EB2D3918B9D24B00C2D851 /* MCSwipeTableViewCell.h */,
				27EB2D3A18B9D24B00C2D851 /* MCSwipeTableViewCell.m */,
			);
			path = MCSwipeTableViewCell;
			sourceTree = "<group>";
		};
/* End PBXGroup section */

/* Begin PBXNativeTarget section */
		27EB2A7D18B8160200C2D851 /* evenup */ = {
			isa = PBXNativeTarget;
			buildConfigurationList = 27EB2AAA18B8160300C2D851 /* Build configuration list for PBXNativeTarget "evenup" */;
			buildPhases = (
				27EB2A7A18B8160200C2D851 /* Sources */,
				27EB2A7B18B8160200C2D851 /* Frameworks */,
				27EB2A7C18B8160200C2D851 /* Resources */,
			);
			buildRules = (
			);
			dependencies = (
			);
			name = evenup;
			productName = evenup;
			productReference = 27EB2A7E18B8160200C2D851 /* evenup.app */;
			productType = "com.apple.product-type.application";
		};
		27EB2A9818B8160300C2D851 /* evenupTests */ = {
			isa = PBXNativeTarget;
			buildConfigurationList = 27EB2AAD18B8160300C2D851 /* Build configuration list for PBXNativeTarget "evenupTests" */;
			buildPhases = (
				27EB2A9518B8160300C2D851 /* Sources */,
				27EB2A9618B8160300C2D851 /* Frameworks */,
				27EB2A9718B8160300C2D851 /* Resources */,
			);
			buildRules = (
			);
			dependencies = (
				27EB2A9F18B8160300C2D851 /* PBXTargetDependency */,
			);
			name = evenupTests;
			productName = evenupTests;
			productReference = 27EB2A9918B8160300C2D851 /* evenupTests.xctest */;
			productType = "com.apple.product-type.bundle.unit-test";
		};
/* End PBXNativeTarget section */

/* Begin PBXProject section */
		27EB2A7618B8160200C2D851 /* Project object */ = {
			isa = PBXProject;
			attributes = {
				LastUpgradeCheck = 0500;
				ORGANIZATIONNAME = "Kyle Connors";
				TargetAttributes = {
					27EB2A9818B8160300C2D851 = {
						TestTargetID = 27EB2A7D18B8160200C2D851;
					};
				};
			};
			buildConfigurationList = 27EB2A7918B8160200C2D851 /* Build configuration list for PBXProject "evenup" */;
			compatibilityVersion = "Xcode 3.2";
			developmentRegion = English;
			hasScannedForEncodings = 0;
			knownRegions = (
				en,
			);
			mainGroup = 27EB2A7518B8160200C2D851;
			productRefGroup = 27EB2A7F18B8160200C2D851 /* Products */;
			projectDirPath = "";
			projectRoot = "";
			targets = (
				27EB2A7D18B8160200C2D851 /* evenup */,
				27EB2A9818B8160300C2D851 /* evenupTests */,
			);
		};
/* End PBXProject section */

/* Begin PBXResourcesBuildPhase section */
		27EB2A7C18B8160200C2D851 /* Resources */ = {
			isa = PBXResourcesBuildPhase;
			buildActionMask = 2147483647;
			files = (
				27EB2C7718B890D200C2D851 /* placeholder@2x.png in Resources */,
				27EB2C7C18B890D200C2D851 /* textfield.png in Resources */,
				27EB2AE518B834BC00C2D851 /* license.txt in Resources */,
				27EB2A8C18B8160200C2D851 /* InfoPlist.strings in Resources */,
				27EB2C6E18B890D200C2D851 /* diners.png in Resources */,
				27EB2C6F18B890D200C2D851 /* diners@2x.png in Resources */,
				27EB2C5E18B890D200C2D851 /* LICENSE in Resources */,
				27EB2C9018B890D200C2D851 /* README.md in Resources */,
				27EB2C7918B890D200C2D851 /* visa@2x.png in Resources */,
				27EB2C6A18B890D200C2D851 /* cvc-amex.png in Resources */,
				27EB2C7518B890D200C2D851 /* mastercard@2x.png in Resources */,
				27EB2AE918B834BC00C2D851 /* menu-256.png in Resources */,
				27EB2C6B18B890D200C2D851 /* cvc-amex@2x.png in Resources */,
				27EB2C7018B890D200C2D851 /* discover.png in Resources */,
				27EB2C7218B890D200C2D851 /* jcb.png in Resources */,
				27EB2C7318B890D200C2D851 /* jcb@2x.png in Resources */,
				27EB2AED18B834BC00C2D851 /* menu-75.png in Resources */,
				27EB2C5D18B890D100C2D851 /* .gitignore in Resources */,
				27EB2AE618B834BC00C2D851 /* menu-100.png in Resources */,
				27EB2C7118B890D200C2D851 /* discover@2x.png in Resources */,
				27EB2C7D18B890D200C2D851 /* textfield@2x.png in Resources */,
				27EB2A9418B8160200C2D851 /* Images.xcassets in Resources */,
				27EB2AEB18B834BC00C2D851 /* menu-25@2x.png in Resources */,
				27EB2AEA18B834BC00C2D851 /* menu-32.png in Resources */,
				27EB2C6C18B890D200C2D851 /* cvc.png in Resources */,
				27EB2C7418B890D200C2D851 /* mastercard.png in Resources */,
				27EB2C6918B890D200C2D851 /* amex@2x.png in Resources */,
				27EB2AE718B834BC00C2D851 /* menu-128.png in Resources */,
				27EB2C6D18B890D200C2D851 /* cvc@2x.png in Resources */,
				27EB2C7A18B890D200C2D851 /* gradient@2x.png in Resources */,
				27EB2AE818B834BC00C2D851 /* menu-25.png in Resources */,
				27EB2C7818B890D200C2D851 /* visa.png in Resources */,
				27EB2C7618B890D200C2D851 /* placeholder.png in Resources */,
				27EB2C6818B890D200C2D851 /* amex.png in Resources */,
				27EB2AEC18B834BC00C2D851 /* menu-512.png in Resources */,
				27EB2C7B18B890D200C2D851 /* STPaymentLocalizable.strings in Resources */,
			);
			runOnlyForDeploymentPostprocessing = 0;
		};
		27EB2A9718B8160300C2D851 /* Resources */ = {
			isa = PBXResourcesBuildPhase;
			buildActionMask = 2147483647;
			files = (
				27EB2AA518B8160300C2D851 /* InfoPlist.strings in Resources */,
			);
			runOnlyForDeploymentPostprocessing = 0;
		};
/* End PBXResourcesBuildPhase section */

/* Begin PBXSourcesBuildPhase section */
		27EB2A7A18B8160200C2D851 /* Sources */ = {
			isa = PBXSourcesBuildPhase;
			buildActionMask = 2147483647;
			files = (
				27EB2C5818B890D100C2D851 /* STPCard.m in Sources */,
				27EB2B4818B87F0C00C2D851 /* UIProgressView+AFNetworking.m in Sources */,
				27EB2B2C18B87F0300C2D851 /* AFSecurityPolicy.m in Sources */,
				27EB2A9218B8160200C2D851 /* AppDelegate.m in Sources */,
				27EB2B4618B87F0C00C2D851 /* UIButton+AFNetworking.m in Sources */,
				27EB2C6218B890D200C2D851 /* PKCardExpiry.m in Sources */,
				27EB2C6118B890D200C2D851 /* PKCardCVC.m in Sources */,
				27EB2C5918B890D100C2D851 /* STPToken.m in Sources */,
				27EB2CA218B9391C00C2D851 /* MainEventCell.m in Sources */,
				27D5ECAB18BA05D3009C9787 /* EventMemberCell.m in Sources */,
				27EB2AB518B8166600C2D851 /* BaseViewController.m in Sources */,
				27EB2AC318B8171B00C2D851 /* IIWrapController.m in Sources */,
				27EB2B0E18B863C400C2D851 /* AddItemView.m in Sources */,
				27EB2B2D18B87F0300C2D851 /* AFURLConnectionOperation.m in Sources */,
				27EB2AD918B8263D00C2D851 /* Event.m in Sources */,
				27EB2C6418B890D200C2D851 /* PKComponent.m in Sources */,
				27EB2C6518B890D200C2D851 /* PKTextField.m in Sources */,
				27EB2C6018B890D200C2D851 /* PKCard.m in Sources */,
				27EB2D2A18B95A5800C2D851 /* THBubbleColor.m in Sources */,
				27EB2B0618B846F100C2D851 /* BaseNavigationController.m in Sources */,
				27EB2AF518B842F500C2D851 /* ProfileViewController.m in Sources */,
				27EB2B4518B87F0C00C2D851 /* UIAlertView+AFNetworking.m in Sources */,
				27EB2B4A18B87F0C00C2D851 /* UIWebView+AFNetworking.m in Sources */,
				27EB2C5A18B890D100C2D851 /* STPView.m in Sources */,
				27EB2B3018B87F0300C2D851 /* AFURLSessionManager.m in Sources */,
				27EB2B4718B87F0C00C2D851 /* UIImageView+AFNetworking.m in Sources */,
				27EB2B0318B8454300C2D851 /* PastEventsViewController.m in Sources */,
				27EB2ACB18B81E8F00C2D851 /* EventViewController.m in Sources */,
				27EB2D3418B9876C00C2D851 /* EventItemCell.m in Sources */,
				27EB2B4418B87F0C00C2D851 /* UIActivityIndicatorView+AFNetworking.m in Sources */,
				27EB2ACE18B81E9B00C2D851 /* LoginViewController.m in Sources */,
				27EB2AF118B835E900C2D851 /* Server.m in Sources */,
				27EB2AD418B81F1400C2D851 /* AddEventViewController.m in Sources */,
				27EB2B4918B87F0C00C2D851 /* UIRefreshControl+AFNetworking.m in Sources */,
				27D5ECB518BA688E009C9787 /* EventCompleteViewController.m in Sources */,
				27EB2C9B18B91E1300C2D851 /* Utils.m in Sources */,
				27EB2B2F18B87F0300C2D851 /* AFURLResponseSerialization.m in Sources */,
				27EB2B2918B87F0300C2D851 /* AFHTTPRequestOperationManager.m in Sources */,
				27D5ECB218BA3B32009C9787 /* User.m in Sources */,
				27EB2B2818B87F0300C2D851 /* AFHTTPRequestOperation.m in Sources */,
				27EB2C9E18B91EE800C2D851 /* Settings.m in Sources */,
				27EB2B4F18B88B0B00C2D851 /* EventMemberViewController.m in Sources */,
				27EB2B0918B84CA800C2D851 /* BaseCell.m in Sources */,
				27EB2AC618B8172F00C2D851 /* SideViewController.m in Sources */,
				27EB2D3718B9881E00C2D851 /* EventItem.m in Sources */,
				27EB2A8E18B8160200C2D851 /* main.m in Sources */,
				27EB2AB818B8167F00C2D851 /* HomeViewController.m in Sources */,
				27EB2AC118B8171B00C2D851 /* IISideController.m in Sources */,
				27EB2D2C18B95A5800C2D851 /* THContactPickerView.m in Sources */,
				27EB2CDD18B9574400C2D851 /* ContactsData.m in Sources */,
				27EB2D2D18B95A5800C2D851 /* THContactPickerViewController.m in Sources */,
				27EB2C5B18B890D100C2D851 /* Stripe.m in Sources */,
				27EB2B2B18B87F0300C2D851 /* AFNetworkReachabilityManager.m in Sources */,
				27EB2D2B18B95A5800C2D851 /* THContactBubble.m in Sources */,
				27EB2B5218B88B1600C2D851 /* EventItemViewController.m in Sources */,
				27EB2CCA18B94DF500C2D851 /* AddDeviceContactsViewController.m in Sources */,
				27EB2AFC18B8433300C2D851 /* TransactionsViewController.m in Sources */,
				27EB2B1318B87BAF00C2D851 /* EventAdminViewController.m in Sources */,
				27EB2B4318B87F0C00C2D851 /* AFNetworkActivityIndicatorManager.m in Sources */,
				27EB2D3B18B9D24C00C2D851 /* MCSwipeTableViewCell.m in Sources */,
				27EB2AD118B81EA700C2D851 /* SignUpViewController.m in Sources */,
				27EB2C6618B890D200C2D851 /* PKUSAddressZip.m in Sources */,
				27D5ECAE18BA05E6009C9787 /* EventMember.m in Sources */,
				27EB2AC218B8171B00C2D851 /* IIViewDeckController.m in Sources */,
				27EB2AF918B8431B00C2D851 /* PaymentViewController.m in Sources */,
				27EB2C6718B890D200C2D851 /* PKView.m in Sources */,
				27EB2B2E18B87F0300C2D851 /* AFURLRequestSerialization.m in Sources */,
				27EB2B0018B8435800C2D851 /* NotificationsViewController.m in Sources */,
				27EB2C5F18B890D200C2D851 /* PKAddressZip.m in Sources */,
				27EB2C5C18B890D100C2D851 /* StripeError.m in Sources */,
				27EB2B2A18B87F0300C2D851 /* AFHTTPSessionManager.m in Sources */,
				27EB2C6318B890D200C2D851 /* PKCardNumber.m in Sources */,
			);
			runOnlyForDeploymentPostprocessing = 0;
		};
		27EB2A9518B8160300C2D851 /* Sources */ = {
			isa = PBXSourcesBuildPhase;
			buildActionMask = 2147483647;
			files = (
				27EB2AA718B8160300C2D851 /* evenupTests.m in Sources */,
			);
			runOnlyForDeploymentPostprocessing = 0;
		};
/* End PBXSourcesBuildPhase section */

/* Begin PBXTargetDependency section */
		27EB2A9F18B8160300C2D851 /* PBXTargetDependency */ = {
			isa = PBXTargetDependency;
			target = 27EB2A7D18B8160200C2D851 /* evenup */;
			targetProxy = 27EB2A9E18B8160300C2D851 /* PBXContainerItemProxy */;
		};
/* End PBXTargetDependency section */

/* Begin PBXVariantGroup section */
		27EB2A8A18B8160200C2D851 /* InfoPlist.strings */ = {
			isa = PBXVariantGroup;
			children = (
				27EB2A8B18B8160200C2D851 /* en */,
			);
			name = InfoPlist.strings;
			sourceTree = "<group>";
		};
		27EB2AA318B8160300C2D851 /* InfoPlist.strings */ = {
			isa = PBXVariantGroup;
			children = (
				27EB2AA418B8160300C2D851 /* en */,
			);
			name = InfoPlist.strings;
			sourceTree = "<group>";
		};
		27EB2C2F18B890D100C2D851 /* STPaymentLocalizable.strings */ = {
			isa = PBXVariantGroup;
			children = (
				27EB2C3018B890D100C2D851 /* en */,
			);
			name = STPaymentLocalizable.strings;
			sourceTree = "<group>";
		};
/* End PBXVariantGroup section */

/* Begin XCBuildConfiguration section */
		27EB2AA818B8160300C2D851 /* Debug */ = {
			isa = XCBuildConfiguration;
			buildSettings = {
				ALWAYS_SEARCH_USER_PATHS = NO;
				ARCHS = "$(ARCHS_STANDARD_INCLUDING_64_BIT)";
				CLANG_CXX_LANGUAGE_STANDARD = "gnu++0x";
				CLANG_CXX_LIBRARY = "libc++";
				CLANG_ENABLE_MODULES = YES;
				CLANG_ENABLE_OBJC_ARC = YES;
				CLANG_WARN_BOOL_CONVERSION = YES;
				CLANG_WARN_CONSTANT_CONVERSION = YES;
				CLANG_WARN_DIRECT_OBJC_ISA_USAGE = YES_ERROR;
				CLANG_WARN_EMPTY_BODY = YES;
				CLANG_WARN_ENUM_CONVERSION = YES;
				CLANG_WARN_INT_CONVERSION = YES;
				CLANG_WARN_OBJC_ROOT_CLASS = YES_ERROR;
				CLANG_WARN__DUPLICATE_METHOD_MATCH = YES;
				"CODE_SIGN_IDENTITY[sdk=iphoneos*]" = "iPhone Developer";
				COPY_PHASE_STRIP = NO;
				GCC_C_LANGUAGE_STANDARD = gnu99;
				GCC_DYNAMIC_NO_PIC = NO;
				GCC_OPTIMIZATION_LEVEL = 0;
				GCC_PREPROCESSOR_DEFINITIONS = (
					"DEBUG=1",
					"$(inherited)",
				);
				GCC_SYMBOLS_PRIVATE_EXTERN = NO;
				GCC_WARN_64_TO_32_BIT_CONVERSION = YES;
				GCC_WARN_ABOUT_RETURN_TYPE = YES_ERROR;
				GCC_WARN_UNDECLARED_SELECTOR = YES;
				GCC_WARN_UNINITIALIZED_AUTOS = YES;
				GCC_WARN_UNUSED_FUNCTION = YES;
				GCC_WARN_UNUSED_VARIABLE = YES;
				IPHONEOS_DEPLOYMENT_TARGET = 7.0;
				ONLY_ACTIVE_ARCH = YES;
				SDKROOT = iphoneos;
			};
			name = Debug;
		};
		27EB2AA918B8160300C2D851 /* Release */ = {
			isa = XCBuildConfiguration;
			buildSettings = {
				ALWAYS_SEARCH_USER_PATHS = NO;
				ARCHS = "$(ARCHS_STANDARD_INCLUDING_64_BIT)";
				CLANG_CXX_LANGUAGE_STANDARD = "gnu++0x";
				CLANG_CXX_LIBRARY = "libc++";
				CLANG_ENABLE_MODULES = YES;
				CLANG_ENABLE_OBJC_ARC = YES;
				CLANG_WARN_BOOL_CONVERSION = YES;
				CLANG_WARN_CONSTANT_CONVERSION = YES;
				CLANG_WARN_DIRECT_OBJC_ISA_USAGE = YES_ERROR;
				CLANG_WARN_EMPTY_BODY = YES;
				CLANG_WARN_ENUM_CONVERSION = YES;
				CLANG_WARN_INT_CONVERSION = YES;
				CLANG_WARN_OBJC_ROOT_CLASS = YES_ERROR;
				CLANG_WARN__DUPLICATE_METHOD_MATCH = YES;
				"CODE_SIGN_IDENTITY[sdk=iphoneos*]" = "iPhone Developer";
				COPY_PHASE_STRIP = YES;
				ENABLE_NS_ASSERTIONS = NO;
				GCC_C_LANGUAGE_STANDARD = gnu99;
				GCC_WARN_64_TO_32_BIT_CONVERSION = YES;
				GCC_WARN_ABOUT_RETURN_TYPE = YES_ERROR;
				GCC_WARN_UNDECLARED_SELECTOR = YES;
				GCC_WARN_UNINITIALIZED_AUTOS = YES;
				GCC_WARN_UNUSED_FUNCTION = YES;
				GCC_WARN_UNUSED_VARIABLE = YES;
				IPHONEOS_DEPLOYMENT_TARGET = 7.0;
				SDKROOT = iphoneos;
				VALIDATE_PRODUCT = YES;
			};
			name = Release;
		};
		27EB2AAB18B8160300C2D851 /* Debug */ = {
			isa = XCBuildConfiguration;
			buildSettings = {
				ASSETCATALOG_COMPILER_APPICON_NAME = AppIcon;
				ASSETCATALOG_COMPILER_LAUNCHIMAGE_NAME = LaunchImage;
				FRAMEWORK_SEARCH_PATHS = (
					"$(inherited)",
					"$(DEVELOPER_FRAMEWORKS_DIR)",
				);
				GCC_PRECOMPILE_PREFIX_HEADER = YES;
				GCC_PREFIX_HEADER = "evenup/evenup-Prefix.pch";
				INFOPLIST_FILE = "evenup/evenup-Info.plist";
				PRODUCT_NAME = "$(TARGET_NAME)";
				WRAPPER_EXTENSION = app;
			};
			name = Debug;
		};
		27EB2AAC18B8160300C2D851 /* Release */ = {
			isa = XCBuildConfiguration;
			buildSettings = {
				ASSETCATALOG_COMPILER_APPICON_NAME = AppIcon;
				ASSETCATALOG_COMPILER_LAUNCHIMAGE_NAME = LaunchImage;
				FRAMEWORK_SEARCH_PATHS = (
					"$(inherited)",
					"$(DEVELOPER_FRAMEWORKS_DIR)",
				);
				GCC_PRECOMPILE_PREFIX_HEADER = YES;
				GCC_PREFIX_HEADER = "evenup/evenup-Prefix.pch";
				INFOPLIST_FILE = "evenup/evenup-Info.plist";
				PRODUCT_NAME = "$(TARGET_NAME)";
				WRAPPER_EXTENSION = app;
			};
			name = Release;
		};
		27EB2AAE18B8160300C2D851 /* Debug */ = {
			isa = XCBuildConfiguration;
			buildSettings = {
				ARCHS = "$(ARCHS_STANDARD_INCLUDING_64_BIT)";
				BUNDLE_LOADER = "$(BUILT_PRODUCTS_DIR)/evenup.app/evenup";
				FRAMEWORK_SEARCH_PATHS = (
					"$(SDKROOT)/Developer/Library/Frameworks",
					"$(inherited)",
					"$(DEVELOPER_FRAMEWORKS_DIR)",
				);
				GCC_PRECOMPILE_PREFIX_HEADER = YES;
				GCC_PREFIX_HEADER = "evenup/evenup-Prefix.pch";
				GCC_PREPROCESSOR_DEFINITIONS = (
					"DEBUG=1",
					"$(inherited)",
				);
				INFOPLIST_FILE = "evenupTests/evenupTests-Info.plist";
				PRODUCT_NAME = "$(TARGET_NAME)";
				TEST_HOST = "$(BUNDLE_LOADER)";
				WRAPPER_EXTENSION = xctest;
			};
			name = Debug;
		};
		27EB2AAF18B8160300C2D851 /* Release */ = {
			isa = XCBuildConfiguration;
			buildSettings = {
				ARCHS = "$(ARCHS_STANDARD_INCLUDING_64_BIT)";
				BUNDLE_LOADER = "$(BUILT_PRODUCTS_DIR)/evenup.app/evenup";
				FRAMEWORK_SEARCH_PATHS = (
					"$(SDKROOT)/Developer/Library/Frameworks",
					"$(inherited)",
					"$(DEVELOPER_FRAMEWORKS_DIR)",
				);
				GCC_PRECOMPILE_PREFIX_HEADER = YES;
				GCC_PREFIX_HEADER = "evenup/evenup-Prefix.pch";
				INFOPLIST_FILE = "evenupTests/evenupTests-Info.plist";
				PRODUCT_NAME = "$(TARGET_NAME)";
				TEST_HOST = "$(BUNDLE_LOADER)";
				WRAPPER_EXTENSION = xctest;
			};
			name = Release;
		};
/* End XCBuildConfiguration section */

/* Begin XCConfigurationList section */
		27EB2A7918B8160200C2D851 /* Build configuration list for PBXProject "evenup" */ = {
			isa = XCConfigurationList;
			buildConfigurations = (
				27EB2AA818B8160300C2D851 /* Debug */,
				27EB2AA918B8160300C2D851 /* Release */,
			);
			defaultConfigurationIsVisible = 0;
			defaultConfigurationName = Release;
		};
		27EB2AAA18B8160300C2D851 /* Build configuration list for PBXNativeTarget "evenup" */ = {
			isa = XCConfigurationList;
			buildConfigurations = (
				27EB2AAB18B8160300C2D851 /* Debug */,
				27EB2AAC18B8160300C2D851 /* Release */,
			);
			defaultConfigurationIsVisible = 0;
			defaultConfigurationName = Release;
		};
		27EB2AAD18B8160300C2D851 /* Build configuration list for PBXNativeTarget "evenupTests" */ = {
			isa = XCConfigurationList;
			buildConfigurations = (
				27EB2AAE18B8160300C2D851 /* Debug */,
				27EB2AAF18B8160300C2D851 /* Release */,
			);
			defaultConfigurationIsVisible = 0;
			defaultConfigurationName = Release;
		};
/* End XCConfigurationList section */
	};
	rootObject = 27EB2A7618B8160200C2D851 /* Project object */;
}
